// !$*UTF8*$!
{
	archiveVersion = 1;
	classes = {
	};
	objectVersion = 54;
	objects = {

/* Begin PBXBuildFile section */
		96760D3A2B8505F100475CB7 /* db.dat in Resources */ = {isa = PBXBuildFile; fileRef = 96760D392B8505F100475CB7 /* db.dat */; };
		9D84737528D84AD80007D362 /* DocReader+Combine.swift in Sources */ = {isa = PBXBuildFile; fileRef = 9D84737328D84AD80007D362 /* DocReader+Combine.swift */; };
		9D84737628D84AD80007D362 /* ImagePicker.swift in Sources */ = {isa = PBXBuildFile; fileRef = 9D84737428D84AD80007D362 /* ImagePicker.swift */; };
		9DBF7ECD28D473FF0025FD4B /* DocumentReaderSwiftUI_sampleApp.swift in Sources */ = {isa = PBXBuildFile; fileRef = 9DBF7ECC28D473FF0025FD4B /* DocumentReaderSwiftUI_sampleApp.swift */; };
		9DBF7ED128D474000025FD4B /* Assets.xcassets in Resources */ = {isa = PBXBuildFile; fileRef = 9DBF7ED028D474000025FD4B /* Assets.xcassets */; };
		9DBF7ED428D474000025FD4B /* Preview Assets.xcassets in Resources */ = {isa = PBXBuildFile; fileRef = 9DBF7ED328D474000025FD4B /* Preview Assets.xcassets */; };
		9DBF7EDF28D474F20025FD4B /* CameraView.swift in Sources */ = {isa = PBXBuildFile; fileRef = 9DBF7EDA28D474F20025FD4B /* CameraView.swift */; };
		9DBF7EE028D474F20025FD4B /* ResultsView.swift in Sources */ = {isa = PBXBuildFile; fileRef = 9DBF7EDB28D474F20025FD4B /* ResultsView.swift */; };
		9DBF7EE128D474F20025FD4B /* MainView.swift in Sources */ = {isa = PBXBuildFile; fileRef = 9DBF7EDC28D474F20025FD4B /* MainView.swift */; };
		9DBF7EE228D474F20025FD4B /* ReaderFacade.swift in Sources */ = {isa = PBXBuildFile; fileRef = 9DBF7EDD28D474F20025FD4B /* ReaderFacade.swift */; };
		9DBF7EE328D474F20025FD4B /* GalleryView.swift in Sources */ = {isa = PBXBuildFile; fileRef = 9DBF7EDE28D474F20025FD4B /* GalleryView.swift */; };
		9DBF7EE628D475910025FD4B /* regula.license in Resources */ = {isa = PBXBuildFile; fileRef = 9DBF7EE428D475910025FD4B /* regula.license */; };
		A84175FA89A10F35B05E5D69 /* Pods_DocumentReaderSwiftUI_sample.framework in Frameworks */ = {isa = PBXBuildFile; fileRef = F4E04E278C8E3EF7E9CB093D /* Pods_DocumentReaderSwiftUI_sample.framework */; };
/* End PBXBuildFile section */

/* Begin PBXFileReference section */
		06F5F38C8392772C12DADC77 /* Pods-DocumentReaderSwiftUI-sample.release.xcconfig */ = {isa = PBXFileReference; includeInIndex = 1; lastKnownFileType = text.xcconfig; name = "Pods-DocumentReaderSwiftUI-sample.release.xcconfig"; path = "Target Support Files/Pods-DocumentReaderSwiftUI-sample/Pods-DocumentReaderSwiftUI-sample.release.xcconfig"; sourceTree = "<group>"; };
		96760D392B8505F100475CB7 /* db.dat */ = {isa = PBXFileReference; lastKnownFileType = file; path = db.dat; sourceTree = "<group>"; };
		9D84737328D84AD80007D362 /* DocReader+Combine.swift */ = {isa = PBXFileReference; fileEncoding = 4; lastKnownFileType = sourcecode.swift; path = "DocReader+Combine.swift"; sourceTree = "<group>"; };
		9D84737428D84AD80007D362 /* ImagePicker.swift */ = {isa = PBXFileReference; fileEncoding = 4; lastKnownFileType = sourcecode.swift; path = ImagePicker.swift; sourceTree = "<group>"; };
		9DBF7EC928D473FF0025FD4B /* DocumentReaderSwiftUI-sample.app */ = {isa = PBXFileReference; explicitFileType = wrapper.application; includeInIndex = 0; path = "DocumentReaderSwiftUI-sample.app"; sourceTree = BUILT_PRODUCTS_DIR; };
		9DBF7ECC28D473FF0025FD4B /* DocumentReaderSwiftUI_sampleApp.swift */ = {isa = PBXFileReference; lastKnownFileType = sourcecode.swift; path = DocumentReaderSwiftUI_sampleApp.swift; sourceTree = "<group>"; };
		9DBF7ED028D474000025FD4B /* Assets.xcassets */ = {isa = PBXFileReference; lastKnownFileType = folder.assetcatalog; path = Assets.xcassets; sourceTree = "<group>"; };
		9DBF7ED328D474000025FD4B /* Preview Assets.xcassets */ = {isa = PBXFileReference; lastKnownFileType = folder.assetcatalog; path = "Preview Assets.xcassets"; sourceTree = "<group>"; };
		9DBF7EDA28D474F20025FD4B /* CameraView.swift */ = {isa = PBXFileReference; fileEncoding = 4; lastKnownFileType = sourcecode.swift; path = CameraView.swift; sourceTree = "<group>"; };
		9DBF7EDB28D474F20025FD4B /* ResultsView.swift */ = {isa = PBXFileReference; fileEncoding = 4; lastKnownFileType = sourcecode.swift; path = ResultsView.swift; sourceTree = "<group>"; };
		9DBF7EDC28D474F20025FD4B /* MainView.swift */ = {isa = PBXFileReference; fileEncoding = 4; lastKnownFileType = sourcecode.swift; path = MainView.swift; sourceTree = "<group>"; };
		9DBF7EDD28D474F20025FD4B /* ReaderFacade.swift */ = {isa = PBXFileReference; fileEncoding = 4; lastKnownFileType = sourcecode.swift; path = ReaderFacade.swift; sourceTree = "<group>"; };
		9DBF7EDE28D474F20025FD4B /* GalleryView.swift */ = {isa = PBXFileReference; fileEncoding = 4; lastKnownFileType = sourcecode.swift; path = GalleryView.swift; sourceTree = "<group>"; };
		9DBF7EE428D475910025FD4B /* regula.license */ = {isa = PBXFileReference; lastKnownFileType = file; path = regula.license; sourceTree = "<group>"; };
		F49956B13AD93506153250C7 /* Pods-DocumentReaderSwiftUI-sample.debug.xcconfig */ = {isa = PBXFileReference; includeInIndex = 1; lastKnownFileType = text.xcconfig; name = "Pods-DocumentReaderSwiftUI-sample.debug.xcconfig"; path = "Target Support Files/Pods-DocumentReaderSwiftUI-sample/Pods-DocumentReaderSwiftUI-sample.debug.xcconfig"; sourceTree = "<group>"; };
		F4E04E278C8E3EF7E9CB093D /* Pods_DocumentReaderSwiftUI_sample.framework */ = {isa = PBXFileReference; explicitFileType = wrapper.framework; includeInIndex = 0; path = Pods_DocumentReaderSwiftUI_sample.framework; sourceTree = BUILT_PRODUCTS_DIR; };
/* End PBXFileReference section */

/* Begin PBXFrameworksBuildPhase section */
		9DBF7EC628D473FF0025FD4B /* Frameworks */ = {
			isa = PBXFrameworksBuildPhase;
			buildActionMask = 2147483647;
			files = (
				A84175FA89A10F35B05E5D69 /* Pods_DocumentReaderSwiftUI_sample.framework in Frameworks */,
			);
			runOnlyForDeploymentPostprocessing = 0;
		};
/* End PBXFrameworksBuildPhase section */

/* Begin PBXGroup section */
		9DBF7EC028D473FF0025FD4B = {
			isa = PBXGroup;
			children = (
				9DBF7ECB28D473FF0025FD4B /* DocumentReaderSwiftUI-sample */,
				9DBF7ECA28D473FF0025FD4B /* Products */,
				B33B8F35073876866549A3B8 /* Pods */,
				F7CF6F2BA6294FB2F0002178 /* Frameworks */,
			);
			sourceTree = "<group>";
		};
		9DBF7ECA28D473FF0025FD4B /* Products */ = {
			isa = PBXGroup;
			children = (
				9DBF7EC928D473FF0025FD4B /* DocumentReaderSwiftUI-sample.app */,
			);
			name = Products;
			sourceTree = "<group>";
		};
		9DBF7ECB28D473FF0025FD4B /* DocumentReaderSwiftUI-sample */ = {
			isa = PBXGroup;
			children = (
				9DBF7EDD28D474F20025FD4B /* ReaderFacade.swift */,
				9D84737328D84AD80007D362 /* DocReader+Combine.swift */,
				9DBF7ECC28D473FF0025FD4B /* DocumentReaderSwiftUI_sampleApp.swift */,
				9DBF7EDC28D474F20025FD4B /* MainView.swift */,
				9D84737428D84AD80007D362 /* ImagePicker.swift */,
				9DBF7EDA28D474F20025FD4B /* CameraView.swift */,
				9DBF7EDE28D474F20025FD4B /* GalleryView.swift */,
				9DBF7EDB28D474F20025FD4B /* ResultsView.swift */,
				9DBF7EE428D475910025FD4B /* regula.license */,
				96760D392B8505F100475CB7 /* db.dat */,
				9DBF7ED028D474000025FD4B /* Assets.xcassets */,
				9DBF7ED228D474000025FD4B /* Preview Content */,
			);
			path = "DocumentReaderSwiftUI-sample";
			sourceTree = "<group>";
		};
		9DBF7ED228D474000025FD4B /* Preview Content */ = {
			isa = PBXGroup;
			children = (
				9DBF7ED328D474000025FD4B /* Preview Assets.xcassets */,
			);
			path = "Preview Content";
			sourceTree = "<group>";
		};
		B33B8F35073876866549A3B8 /* Pods */ = {
			isa = PBXGroup;
			children = (
				F49956B13AD93506153250C7 /* Pods-DocumentReaderSwiftUI-sample.debug.xcconfig */,
				06F5F38C8392772C12DADC77 /* Pods-DocumentReaderSwiftUI-sample.release.xcconfig */,
			);
			path = Pods;
			sourceTree = "<group>";
		};
		F7CF6F2BA6294FB2F0002178 /* Frameworks */ = {
			isa = PBXGroup;
			children = (
				F4E04E278C8E3EF7E9CB093D /* Pods_DocumentReaderSwiftUI_sample.framework */,
			);
			name = Frameworks;
			sourceTree = "<group>";
		};
/* End PBXGroup section */

/* Begin PBXNativeTarget section */
		9DBF7EC828D473FF0025FD4B /* DocumentReaderSwiftUI-sample */ = {
			isa = PBXNativeTarget;
			buildConfigurationList = 9DBF7ED728D474000025FD4B /* Build configuration list for PBXNativeTarget "DocumentReaderSwiftUI-sample" */;
			buildPhases = (
				3AE88F9837B14171212B4F7D /* [CP] Check Pods Manifest.lock */,
				9DBF7EC528D473FF0025FD4B /* Sources */,
				9DBF7EC628D473FF0025FD4B /* Frameworks */,
				9DBF7EC728D473FF0025FD4B /* Resources */,
				722A368B3835DE7A6693CC84 /* [CP] Embed Pods Frameworks */,
			);
			buildRules = (
			);
			dependencies = (
			);
			name = "DocumentReaderSwiftUI-sample";
			productName = "DocumentReaderSwiftUI-sample";
			productReference = 9DBF7EC928D473FF0025FD4B /* DocumentReaderSwiftUI-sample.app */;
			productType = "com.apple.product-type.application";
		};
/* End PBXNativeTarget section */

/* Begin PBXProject section */
		9DBF7EC128D473FF0025FD4B /* Project object */ = {
			isa = PBXProject;
			attributes = {
				BuildIndependentTargetsInParallel = 1;
				LastSwiftUpdateCheck = 1400;
				LastUpgradeCheck = 1400;
				TargetAttributes = {
					9DBF7EC828D473FF0025FD4B = {
						CreatedOnToolsVersion = 14.0;
					};
				};
			};
			buildConfigurationList = 9DBF7EC428D473FF0025FD4B /* Build configuration list for PBXProject "DocumentReaderSwiftUI-sample" */;
			compatibilityVersion = "Xcode 12.0";
			developmentRegion = en;
			hasScannedForEncodings = 0;
			knownRegions = (
				en,
				Base,
			);
			mainGroup = 9DBF7EC028D473FF0025FD4B;
			productRefGroup = 9DBF7ECA28D473FF0025FD4B /* Products */;
			projectDirPath = "";
			projectRoot = "";
			targets = (
				9DBF7EC828D473FF0025FD4B /* DocumentReaderSwiftUI-sample */,
			);
		};
/* End PBXProject section */

/* Begin PBXResourcesBuildPhase section */
		9DBF7EC728D473FF0025FD4B /* Resources */ = {
			isa = PBXResourcesBuildPhase;
			buildActionMask = 2147483647;
			files = (
				9DBF7ED428D474000025FD4B /* Preview Assets.xcassets in Resources */,
				9DBF7ED128D474000025FD4B /* Assets.xcassets in Resources */,
				9DBF7EE628D475910025FD4B /* regula.license in Resources */,
				96760D3A2B8505F100475CB7 /* db.dat in Resources */,
			);
			runOnlyForDeploymentPostprocessing = 0;
		};
/* End PBXResourcesBuildPhase section */

/* Begin PBXShellScriptBuildPhase section */
		3AE88F9837B14171212B4F7D /* [CP] Check Pods Manifest.lock */ = {
			isa = PBXShellScriptBuildPhase;
			buildActionMask = 2147483647;
			files = (
			);
			inputFileListPaths = (
			);
			inputPaths = (
				"${PODS_PODFILE_DIR_PATH}/Podfile.lock",
				"${PODS_ROOT}/Manifest.lock",
			);
			name = "[CP] Check Pods Manifest.lock";
			outputFileListPaths = (
			);
			outputPaths = (
				"$(DERIVED_FILE_DIR)/Pods-DocumentReaderSwiftUI-sample-checkManifestLockResult.txt",
			);
			runOnlyForDeploymentPostprocessing = 0;
			shellPath = /bin/sh;
			shellScript = "diff \"${PODS_PODFILE_DIR_PATH}/Podfile.lock\" \"${PODS_ROOT}/Manifest.lock\" > /dev/null\nif [ $? != 0 ] ; then\n    # print error to STDERR\n    echo \"error: The sandbox is not in sync with the Podfile.lock. Run 'pod install' or update your CocoaPods installation.\" >&2\n    exit 1\nfi\n# This output is used by Xcode 'outputs' to avoid re-running this script phase.\necho \"SUCCESS\" > \"${SCRIPT_OUTPUT_FILE_0}\"\n";
			showEnvVarsInLog = 0;
		};
		722A368B3835DE7A6693CC84 /* [CP] Embed Pods Frameworks */ = {
			isa = PBXShellScriptBuildPhase;
			buildActionMask = 2147483647;
			files = (
			);
			inputFileListPaths = (
				"${PODS_ROOT}/Target Support Files/Pods-DocumentReaderSwiftUI-sample/Pods-DocumentReaderSwiftUI-sample-frameworks-${CONFIGURATION}-input-files.xcfilelist",
			);
			name = "[CP] Embed Pods Frameworks";
			outputFileListPaths = (
				"${PODS_ROOT}/Target Support Files/Pods-DocumentReaderSwiftUI-sample/Pods-DocumentReaderSwiftUI-sample-frameworks-${CONFIGURATION}-output-files.xcfilelist",
			);
			runOnlyForDeploymentPostprocessing = 0;
			shellPath = /bin/sh;
			shellScript = "\"${PODS_ROOT}/Target Support Files/Pods-DocumentReaderSwiftUI-sample/Pods-DocumentReaderSwiftUI-sample-frameworks.sh\"\n";
			showEnvVarsInLog = 0;
		};
/* End PBXShellScriptBuildPhase section */

/* Begin PBXSourcesBuildPhase section */
		9DBF7EC528D473FF0025FD4B /* Sources */ = {
			isa = PBXSourcesBuildPhase;
			buildActionMask = 2147483647;
			files = (
				9D84737528D84AD80007D362 /* DocReader+Combine.swift in Sources */,
				9DBF7EE328D474F20025FD4B /* GalleryView.swift in Sources */,
				9DBF7EE228D474F20025FD4B /* ReaderFacade.swift in Sources */,
				9DBF7EDF28D474F20025FD4B /* CameraView.swift in Sources */,
				9DBF7EE028D474F20025FD4B /* ResultsView.swift in Sources */,
				9D84737628D84AD80007D362 /* ImagePicker.swift in Sources */,
				9DBF7EE128D474F20025FD4B /* MainView.swift in Sources */,
				9DBF7ECD28D473FF0025FD4B /* DocumentReaderSwiftUI_sampleApp.swift in Sources */,
			);
			runOnlyForDeploymentPostprocessing = 0;
		};
/* End PBXSourcesBuildPhase section */

/* Begin XCBuildConfiguration section */
		9DBF7ED528D474000025FD4B /* Debug */ = {
			isa = XCBuildConfiguration;
			buildSettings = {
				ALWAYS_SEARCH_USER_PATHS = NO;
				CLANG_ANALYZER_NONNULL = YES;
				CLANG_ANALYZER_NUMBER_OBJECT_CONVERSION = YES_AGGRESSIVE;
				CLANG_CXX_LANGUAGE_STANDARD = "gnu++20";
				CLANG_ENABLE_MODULES = YES;
				CLANG_ENABLE_OBJC_ARC = YES;
				CLANG_ENABLE_OBJC_WEAK = YES;
				CLANG_WARN_BLOCK_CAPTURE_AUTORELEASING = YES;
				CLANG_WARN_BOOL_CONVERSION = YES;
				CLANG_WARN_COMMA = YES;
				CLANG_WARN_CONSTANT_CONVERSION = YES;
				CLANG_WARN_DEPRECATED_OBJC_IMPLEMENTATIONS = YES;
				CLANG_WARN_DIRECT_OBJC_ISA_USAGE = YES_ERROR;
				CLANG_WARN_DOCUMENTATION_COMMENTS = YES;
				CLANG_WARN_EMPTY_BODY = YES;
				CLANG_WARN_ENUM_CONVERSION = YES;
				CLANG_WARN_INFINITE_RECURSION = YES;
				CLANG_WARN_INT_CONVERSION = YES;
				CLANG_WARN_NON_LITERAL_NULL_CONVERSION = YES;
				CLANG_WARN_OBJC_IMPLICIT_RETAIN_SELF = YES;
				CLANG_WARN_OBJC_LITERAL_CONVERSION = YES;
				CLANG_WARN_OBJC_ROOT_CLASS = YES_ERROR;
				CLANG_WARN_QUOTED_INCLUDE_IN_FRAMEWORK_HEADER = YES;
				CLANG_WARN_RANGE_LOOP_ANALYSIS = YES;
				CLANG_WARN_STRICT_PROTOTYPES = YES;
				CLANG_WARN_SUSPICIOUS_MOVE = YES;
				CLANG_WARN_UNGUARDED_AVAILABILITY = YES_AGGRESSIVE;
				CLANG_WARN_UNREACHABLE_CODE = YES;
				CLANG_WARN__DUPLICATE_METHOD_MATCH = YES;
				COPY_PHASE_STRIP = NO;
				DEBUG_INFORMATION_FORMAT = dwarf;
				ENABLE_STRICT_OBJC_MSGSEND = YES;
				ENABLE_TESTABILITY = YES;
				GCC_C_LANGUAGE_STANDARD = gnu11;
				GCC_DYNAMIC_NO_PIC = NO;
				GCC_NO_COMMON_BLOCKS = YES;
				GCC_OPTIMIZATION_LEVEL = 0;
				GCC_PREPROCESSOR_DEFINITIONS = (
					"DEBUG=1",
					"$(inherited)",
				);
				GCC_WARN_64_TO_32_BIT_CONVERSION = YES;
				GCC_WARN_ABOUT_RETURN_TYPE = YES_ERROR;
				GCC_WARN_UNDECLARED_SELECTOR = YES;
				GCC_WARN_UNINITIALIZED_AUTOS = YES_AGGRESSIVE;
				GCC_WARN_UNUSED_FUNCTION = YES;
				GCC_WARN_UNUSED_VARIABLE = YES;
				IPHONEOS_DEPLOYMENT_TARGET = 14.0;
				MTL_ENABLE_DEBUG_INFO = INCLUDE_SOURCE;
				MTL_FAST_MATH = YES;
				ONLY_ACTIVE_ARCH = YES;
				SDKROOT = iphoneos;
				SWIFT_ACTIVE_COMPILATION_CONDITIONS = DEBUG;
				SWIFT_OPTIMIZATION_LEVEL = "-Onone";
			};
			name = Debug;
		};
		9DBF7ED628D474000025FD4B /* Release */ = {
			isa = XCBuildConfiguration;
			buildSettings = {
				ALWAYS_SEARCH_USER_PATHS = NO;
				CLANG_ANALYZER_NONNULL = YES;
				CLANG_ANALYZER_NUMBER_OBJECT_CONVERSION = YES_AGGRESSIVE;
				CLANG_CXX_LANGUAGE_STANDARD = "gnu++20";
				CLANG_ENABLE_MODULES = YES;
				CLANG_ENABLE_OBJC_ARC = YES;
				CLANG_ENABLE_OBJC_WEAK = YES;
				CLANG_WARN_BLOCK_CAPTURE_AUTORELEASING = YES;
				CLANG_WARN_BOOL_CONVERSION = YES;
				CLANG_WARN_COMMA = YES;
				CLANG_WARN_CONSTANT_CONVERSION = YES;
				CLANG_WARN_DEPRECATED_OBJC_IMPLEMENTATIONS = YES;
				CLANG_WARN_DIRECT_OBJC_ISA_USAGE = YES_ERROR;
				CLANG_WARN_DOCUMENTATION_COMMENTS = YES;
				CLANG_WARN_EMPTY_BODY = YES;
				CLANG_WARN_ENUM_CONVERSION = YES;
				CLANG_WARN_INFINITE_RECURSION = YES;
				CLANG_WARN_INT_CONVERSION = YES;
				CLANG_WARN_NON_LITERAL_NULL_CONVERSION = YES;
				CLANG_WARN_OBJC_IMPLICIT_RETAIN_SELF = YES;
				CLANG_WARN_OBJC_LITERAL_CONVERSION = YES;
				CLANG_WARN_OBJC_ROOT_CLASS = YES_ERROR;
				CLANG_WARN_QUOTED_INCLUDE_IN_FRAMEWORK_HEADER = YES;
				CLANG_WARN_RANGE_LOOP_ANALYSIS = YES;
				CLANG_WARN_STRICT_PROTOTYPES = YES;
				CLANG_WARN_SUSPICIOUS_MOVE = YES;
				CLANG_WARN_UNGUARDED_AVAILABILITY = YES_AGGRESSIVE;
				CLANG_WARN_UNREACHABLE_CODE = YES;
				CLANG_WARN__DUPLICATE_METHOD_MATCH = YES;
				COPY_PHASE_STRIP = NO;
				DEBUG_INFORMATION_FORMAT = "dwarf-with-dsym";
				ENABLE_NS_ASSERTIONS = NO;
				ENABLE_STRICT_OBJC_MSGSEND = YES;
				GCC_C_LANGUAGE_STANDARD = gnu11;
				GCC_NO_COMMON_BLOCKS = YES;
				GCC_WARN_64_TO_32_BIT_CONVERSION = YES;
				GCC_WARN_ABOUT_RETURN_TYPE = YES_ERROR;
				GCC_WARN_UNDECLARED_SELECTOR = YES;
				GCC_WARN_UNINITIALIZED_AUTOS = YES_AGGRESSIVE;
				GCC_WARN_UNUSED_FUNCTION = YES;
				GCC_WARN_UNUSED_VARIABLE = YES;
				IPHONEOS_DEPLOYMENT_TARGET = 14.0;
				MTL_ENABLE_DEBUG_INFO = NO;
				MTL_FAST_MATH = YES;
				SDKROOT = iphoneos;
				SWIFT_COMPILATION_MODE = wholemodule;
				SWIFT_OPTIMIZATION_LEVEL = "-O";
				VALIDATE_PRODUCT = YES;
			};
			name = Release;
		};
		9DBF7ED828D474000025FD4B /* Debug */ = {
			isa = XCBuildConfiguration;
			baseConfigurationReference = F49956B13AD93506153250C7 /* Pods-DocumentReaderSwiftUI-sample.debug.xcconfig */;
			buildSettings = {
				ASSETCATALOG_COMPILER_APPICON_NAME = AppIcon;
				ASSETCATALOG_COMPILER_GLOBAL_ACCENT_COLOR_NAME = AccentColor;
				CODE_SIGN_STYLE = Automatic;
				CURRENT_PROJECT_VERSION = 1;
				DEVELOPMENT_ASSET_PATHS = "\"DocumentReaderSwiftUI-sample/Preview Content\"";
				DEVELOPMENT_TEAM = H6WR54S268;
				ENABLE_PREVIEWS = YES;
				GENERATE_INFOPLIST_FILE = YES;
				INFOPLIST_KEY_NSCameraUsageDescription = "To obtain images from the camera";
				INFOPLIST_KEY_NSPhotoLibraryUsageDescription = "To obtain images from the gallery";
				INFOPLIST_KEY_UIApplicationSceneManifest_Generation = YES;
				INFOPLIST_KEY_UIApplicationSupportsIndirectInputEvents = YES;
				INFOPLIST_KEY_UILaunchScreen_Generation = YES;
				INFOPLIST_KEY_UISupportedInterfaceOrientations_iPad = "UIInterfaceOrientationPortrait UIInterfaceOrientationPortraitUpsideDown UIInterfaceOrientationLandscapeLeft UIInterfaceOrientationLandscapeRight";
				INFOPLIST_KEY_UISupportedInterfaceOrientations_iPhone = "UIInterfaceOrientationPortrait UIInterfaceOrientationLandscapeLeft UIInterfaceOrientationLandscapeRight";
				IPHONEOS_DEPLOYMENT_TARGET = 14.0;
				LD_RUNPATH_SEARCH_PATHS = (
					"$(inherited)",
					"@executable_path/Frameworks",
				);
				MARKETING_VERSION = 1.0;
				PRODUCT_BUNDLE_IDENTIFIER = regula.DocumentReader;
				PRODUCT_NAME = "$(TARGET_NAME)";
				SWIFT_EMIT_LOC_STRINGS = YES;
				SWIFT_VERSION = 5.0;
				TARGETED_DEVICE_FAMILY = "1,2";
			};
			name = Debug;
		};
		9DBF7ED928D474000025FD4B /* Release */ = {
			isa = XCBuildConfiguration;
			baseConfigurationReference = 06F5F38C8392772C12DADC77 /* Pods-DocumentReaderSwiftUI-sample.release.xcconfig */;
			buildSettings = {
				ASSETCATALOG_COMPILER_APPICON_NAME = AppIcon;
				ASSETCATALOG_COMPILER_GLOBAL_ACCENT_COLOR_NAME = AccentColor;
				CODE_SIGN_STYLE = Automatic;
				CURRENT_PROJECT_VERSION = 1;
				DEVELOPMENT_ASSET_PATHS = "\"DocumentReaderSwiftUI-sample/Preview Content\"";
				DEVELOPMENT_TEAM = H6WR54S268;
				ENABLE_PREVIEWS = YES;
				GENERATE_INFOPLIST_FILE = YES;
				INFOPLIST_KEY_NSCameraUsageDescription = "To obtain images from the camera";
				INFOPLIST_KEY_NSPhotoLibraryUsageDescription = "To obtain images from the gallery";
				INFOPLIST_KEY_UIApplicationSceneManifest_Generation = YES;
				INFOPLIST_KEY_UIApplicationSupportsIndirectInputEvents = YES;
				INFOPLIST_KEY_UILaunchScreen_Generation = YES;
				INFOPLIST_KEY_UISupportedInterfaceOrientations_iPad = "UIInterfaceOrientationPortrait UIInterfaceOrientationPortraitUpsideDown UIInterfaceOrientationLandscapeLeft UIInterfaceOrientationLandscapeRight";
				INFOPLIST_KEY_UISupportedInterfaceOrientations_iPhone = "UIInterfaceOrientationPortrait UIInterfaceOrientationLandscapeLeft UIInterfaceOrientationLandscapeRight";
				IPHONEOS_DEPLOYMENT_TARGET = 14.0;
				LD_RUNPATH_SEARCH_PATHS = (
					"$(inherited)",
					"@executable_path/Frameworks",
				);
				MARKETING_VERSION = 1.0;
				PRODUCT_BUNDLE_IDENTIFIER = regula.DocumentReader;
				PRODUCT_NAME = "$(TARGET_NAME)";
				SWIFT_EMIT_LOC_STRINGS = YES;
				SWIFT_VERSION = 5.0;
				TARGETED_DEVICE_FAMILY = "1,2";
			};
			name = Release;
		};
/* End XCBuildConfiguration section */

/* Begin XCConfigurationList section */
		9DBF7EC428D473FF0025FD4B /* Build configuration list for PBXProject "DocumentReaderSwiftUI-sample" */ = {
			isa = XCConfigurationList;
			buildConfigurations = (
				9DBF7ED528D474000025FD4B /* Debug */,
				9DBF7ED628D474000025FD4B /* Release */,
			);
			defaultConfigurationIsVisible = 0;
			defaultConfigurationName = Release;
		};
		9DBF7ED728D474000025FD4B /* Build configuration list for PBXNativeTarget "DocumentReaderSwiftUI-sample" */ = {
			isa = XCConfigurationList;
			buildConfigurations = (
				9DBF7ED828D474000025FD4B /* Debug */,
				9DBF7ED928D474000025FD4B /* Release */,
			);
			defaultConfigurationIsVisible = 0;
			defaultConfigurationName = Release;
		};
/* End XCConfigurationList section */
	};
	rootObject = 9DBF7EC128D473FF0025FD4B /* Project object */;
}
