// !$*UTF8*$!
{
	archiveVersion = 1;
	classes = {
	};
	objectVersion = 54;
	objects = {

/* Begin PBXBuildFile section */
		96760D402B85283500475CB7 /* Constants.swift in Sources */ = {isa = PBXBuildFile; fileRef = 96760D3F2B85283500475CB7 /* Constants.swift */; };
		96760D422B85284400475CB7 /* db.dat in Resources */ = {isa = PBXBuildFile; fileRef = 96760D412B85284400475CB7 /* db.dat */; };
		9BBDB16549C4DB49F4DF3BFF /* Pods_RfidCertificates_Default_Swift.framework in Frameworks */ = {isa = PBXBuildFile; fileRef = 12E62D5C6241F8BFD8A95CC9 /* Pods_RfidCertificates_Default_Swift.framework */; };
		9D6B898129CAEDF2005F2903 /* AppDelegate.swift in Sources */ = {isa = PBXBuildFile; fileRef = 9D6B898029CAEDF2005F2903 /* AppDelegate.swift */; };
		9D6B898529CAEDF2005F2903 /* ViewController.swift in Sources */ = {isa = PBXBuildFile; fileRef = 9D6B898429CAEDF2005F2903 /* ViewController.swift */; };
		9D6B898829CAEDF2005F2903 /* Main.storyboard in Resources */ = {isa = PBXBuildFile; fileRef = 9D6B898629CAEDF2005F2903 /* Main.storyboard */; };
		9D6B898A29CAEDF3005F2903 /* Assets.xcassets in Resources */ = {isa = PBXBuildFile; fileRef = 9D6B898929CAEDF3005F2903 /* Assets.xcassets */; };
		9D6B898D29CAEDF3005F2903 /* LaunchScreen.storyboard in Resources */ = {isa = PBXBuildFile; fileRef = 9D6B898B29CAEDF3005F2903 /* LaunchScreen.storyboard */; };
		9D6B899629CAEF1A005F2903 /* regula.license in Resources */ = {isa = PBXBuildFile; fileRef = 9D6B899429CAEF1A005F2903 /* regula.license */; };
		9D6B899729CAEF1A005F2903 /* Constants.swift in Sources */ = {isa = PBXBuildFile; fileRef = 9D6B899529CAEF1A005F2903 /* Constants.swift */; };
		9D6B899B29CAF82A005F2903 /* Certificates.bundle in Resources */ = {isa = PBXBuildFile; fileRef = 9D6B899829CAF82A005F2903 /* Certificates.bundle */; };
		9D6B899F29CAF97E005F2903 /* PKDCertificate+Extensions.swift in Sources */ = {isa = PBXBuildFile; fileRef = 9D6B899E29CAF97E005F2903 /* PKDCertificate+Extensions.swift */; };
/* End PBXBuildFile section */

/* Begin PBXFileReference section */
		12E62D5C6241F8BFD8A95CC9 /* Pods_RfidCertificates_Default_Swift.framework */ = {isa = PBXFileReference; explicitFileType = wrapper.framework; includeInIndex = 0; path = Pods_RfidCertificates_Default_Swift.framework; sourceTree = BUILT_PRODUCTS_DIR; };
		78505990FE75A782E9399ED6 /* Pods-RfidCertificates-Default-Swift.debug.xcconfig */ = {isa = PBXFileReference; includeInIndex = 1; lastKnownFileType = text.xcconfig; name = "Pods-RfidCertificates-Default-Swift.debug.xcconfig"; path = "Target Support Files/Pods-RfidCertificates-Default-Swift/Pods-RfidCertificates-Default-Swift.debug.xcconfig"; sourceTree = "<group>"; };
		96760D3F2B85283500475CB7 /* Constants.swift */ = {isa = PBXFileReference; fileEncoding = 4; lastKnownFileType = sourcecode.swift; path = Constants.swift; sourceTree = "<group>"; };
		96760D412B85284400475CB7 /* db.dat */ = {isa = PBXFileReference; lastKnownFileType = file; path = db.dat; sourceTree = "<group>"; };
		9D6B897D29CAEDF2005F2903 /* RfidCertificates-Default-Swift.app */ = {isa = PBXFileReference; explicitFileType = wrapper.application; includeInIndex = 0; path = "RfidCertificates-Default-Swift.app"; sourceTree = BUILT_PRODUCTS_DIR; };
		9D6B898029CAEDF2005F2903 /* AppDelegate.swift */ = {isa = PBXFileReference; lastKnownFileType = sourcecode.swift; path = AppDelegate.swift; sourceTree = "<group>"; };
		9D6B898429CAEDF2005F2903 /* ViewController.swift */ = {isa = PBXFileReference; lastKnownFileType = sourcecode.swift; path = ViewController.swift; sourceTree = "<group>"; };
		9D6B898729CAEDF2005F2903 /* Base */ = {isa = PBXFileReference; lastKnownFileType = file.storyboard; name = Base; path = Base.lproj/Main.storyboard; sourceTree = "<group>"; };
		9D6B898929CAEDF3005F2903 /* Assets.xcassets */ = {isa = PBXFileReference; lastKnownFileType = folder.assetcatalog; path = Assets.xcassets; sourceTree = "<group>"; };
		9D6B898C29CAEDF3005F2903 /* Base */ = {isa = PBXFileReference; lastKnownFileType = file.storyboard; name = Base; path = Base.lproj/LaunchScreen.storyboard; sourceTree = "<group>"; };
		9D6B898E29CAEDF3005F2903 /* Info.plist */ = {isa = PBXFileReference; lastKnownFileType = text.plist.xml; path = Info.plist; sourceTree = "<group>"; };
		9D6B899429CAEF1A005F2903 /* regula.license */ = {isa = PBXFileReference; lastKnownFileType = file; path = regula.license; sourceTree = "<group>"; };
		9D6B899529CAEF1A005F2903 /* Constants.swift */ = {isa = PBXFileReference; fileEncoding = 4; lastKnownFileType = sourcecode.swift; path = Constants.swift; sourceTree = "<group>"; };
		9D6B899829CAF82A005F2903 /* Certificates.bundle */ = {isa = PBXFileReference; lastKnownFileType = "wrapper.plug-in"; path = Certificates.bundle; sourceTree = "<group>"; };
		9D6B899E29CAF97E005F2903 /* PKDCertificate+Extensions.swift */ = {isa = PBXFileReference; lastKnownFileType = sourcecode.swift; path = "PKDCertificate+Extensions.swift"; sourceTree = "<group>"; };
		9D6B89A029CAFBF2005F2903 /* RfidCertificates-Default-Swift.entitlements */ = {isa = PBXFileReference; lastKnownFileType = text.plist.entitlements; path = "RfidCertificates-Default-Swift.entitlements"; sourceTree = "<group>"; };
		C120E75B633115DAF1D734A3 /* Pods-RfidCertificates-Default-Swift.release.xcconfig */ = {isa = PBXFileReference; includeInIndex = 1; lastKnownFileType = text.xcconfig; name = "Pods-RfidCertificates-Default-Swift.release.xcconfig"; path = "Target Support Files/Pods-RfidCertificates-Default-Swift/Pods-RfidCertificates-Default-Swift.release.xcconfig"; sourceTree = "<group>"; };
/* End PBXFileReference section */

/* Begin PBXFrameworksBuildPhase section */
		9D6B897A29CAEDF2005F2903 /* Frameworks */ = {
			isa = PBXFrameworksBuildPhase;
			buildActionMask = 2147483647;
			files = (
				9BBDB16549C4DB49F4DF3BFF /* Pods_RfidCertificates_Default_Swift.framework in Frameworks */,
			);
			runOnlyForDeploymentPostprocessing = 0;
		};
/* End PBXFrameworksBuildPhase section */

/* Begin PBXGroup section */
		6F285AE8C360CB8E6D37279D /* Pods */ = {
			isa = PBXGroup;
			children = (
				78505990FE75A782E9399ED6 /* Pods-RfidCertificates-Default-Swift.debug.xcconfig */,
				C120E75B633115DAF1D734A3 /* Pods-RfidCertificates-Default-Swift.release.xcconfig */,
			);
			path = Pods;
			sourceTree = "<group>";
		};
		9D6B897429CAEDF2005F2903 = {
			isa = PBXGroup;
			children = (
				9D6B897F29CAEDF2005F2903 /* RfidCertificates-Default-Swift */,
				9D6B897E29CAEDF2005F2903 /* Products */,
				6F285AE8C360CB8E6D37279D /* Pods */,
				FCDF7C1C747D4A30CF11E6DA /* Frameworks */,
			);
			sourceTree = "<group>";
		};
		9D6B897E29CAEDF2005F2903 /* Products */ = {
			isa = PBXGroup;
			children = (
				9D6B897D29CAEDF2005F2903 /* RfidCertificates-Default-Swift.app */,
			);
			name = Products;
			sourceTree = "<group>";
		};
		9D6B897F29CAEDF2005F2903 /* RfidCertificates-Default-Swift */ = {
			isa = PBXGroup;
			children = (
				9D6B89A029CAFBF2005F2903 /* RfidCertificates-Default-Swift.entitlements */,
				9D6B899429CAEF1A005F2903 /* regula.license */,
				9D6B899529CAEF1A005F2903 /* Constants.swift */,
				96760D3F2B85283500475CB7 /* Constants.swift */,
				9D6B898429CAEDF2005F2903 /* ViewController.swift */,
				9D6B898029CAEDF2005F2903 /* AppDelegate.swift */,
				96760D412B85284400475CB7 /* db.dat */,
				9D6B899E29CAF97E005F2903 /* PKDCertificate+Extensions.swift */,
				9D6B898629CAEDF2005F2903 /* Main.storyboard */,
				9D6B898929CAEDF3005F2903 /* Assets.xcassets */,
				9D6B898B29CAEDF3005F2903 /* LaunchScreen.storyboard */,
				9D6B898E29CAEDF3005F2903 /* Info.plist */,
				9D6B899829CAF82A005F2903 /* Certificates.bundle */,
			);
			path = "RfidCertificates-Default-Swift";
			sourceTree = "<group>";
		};
		FCDF7C1C747D4A30CF11E6DA /* Frameworks */ = {
			isa = PBXGroup;
			children = (
				12E62D5C6241F8BFD8A95CC9 /* Pods_RfidCertificates_Default_Swift.framework */,
			);
			name = Frameworks;
			sourceTree = "<group>";
		};
/* End PBXGroup section */

/* Begin PBXNativeTarget section */
		9D6B897C29CAEDF2005F2903 /* RfidCertificates-Default-Swift */ = {
			isa = PBXNativeTarget;
			buildConfigurationList = 9D6B899129CAEDF3005F2903 /* Build configuration list for PBXNativeTarget "RfidCertificates-Default-Swift" */;
			buildPhases = (
				E0C09A0536D45C17259FE8D8 /* [CP] Check Pods Manifest.lock */,
				9D6B897929CAEDF2005F2903 /* Sources */,
				9D6B897A29CAEDF2005F2903 /* Frameworks */,
				9D6B897B29CAEDF2005F2903 /* Resources */,
				1E924D002C66B7FA959ED069 /* [CP] Embed Pods Frameworks */,
			);
			buildRules = (
			);
			dependencies = (
			);
			name = "RfidCertificates-Default-Swift";
			productName = "RfidCertificates-Default-Swift";
			productReference = 9D6B897D29CAEDF2005F2903 /* RfidCertificates-Default-Swift.app */;
			productType = "com.apple.product-type.application";
		};
/* End PBXNativeTarget section */

/* Begin PBXProject section */
		9D6B897529CAEDF2005F2903 /* Project object */ = {
			isa = PBXProject;
			attributes = {
				BuildIndependentTargetsInParallel = 1;
				LastSwiftUpdateCheck = 1420;
				LastUpgradeCheck = 1420;
				ORGANIZATIONNAME = Regula;
				TargetAttributes = {
					9D6B897C29CAEDF2005F2903 = {
						CreatedOnToolsVersion = 14.2;
					};
				};
			};
			buildConfigurationList = 9D6B897829CAEDF2005F2903 /* Build configuration list for PBXProject "RfidCertificates-Default-Swift" */;
			compatibilityVersion = "Xcode 12.0";
			developmentRegion = en;
			hasScannedForEncodings = 0;
			knownRegions = (
				en,
				Base,
			);
			mainGroup = 9D6B897429CAEDF2005F2903;
			productRefGroup = 9D6B897E29CAEDF2005F2903 /* Products */;
			projectDirPath = "";
			projectRoot = "";
			targets = (
				9D6B897C29CAEDF2005F2903 /* RfidCertificates-Default-Swift */,
			);
		};
/* End PBXProject section */

/* Begin PBXResourcesBuildPhase section */
		9D6B897B29CAEDF2005F2903 /* Resources */ = {
			isa = PBXResourcesBuildPhase;
			buildActionMask = 2147483647;
			files = (
				9D6B898D29CAEDF3005F2903 /* LaunchScreen.storyboard in Resources */,
				96760D422B85284400475CB7 /* db.dat in Resources */,
				9D6B898A29CAEDF3005F2903 /* Assets.xcassets in Resources */,
				9D6B898829CAEDF2005F2903 /* Main.storyboard in Resources */,
				9D6B899B29CAF82A005F2903 /* Certificates.bundle in Resources */,
				9D6B899629CAEF1A005F2903 /* regula.license in Resources */,
			);
			runOnlyForDeploymentPostprocessing = 0;
		};
/* End PBXResourcesBuildPhase section */

/* Begin PBXShellScriptBuildPhase section */
		1E924D002C66B7FA959ED069 /* [CP] Embed Pods Frameworks */ = {
			isa = PBXShellScriptBuildPhase;
			buildActionMask = 2147483647;
			files = (
			);
			inputFileListPaths = (
				"${PODS_ROOT}/Target Support Files/Pods-RfidCertificates-Default-Swift/Pods-RfidCertificates-Default-Swift-frameworks-${CONFIGURATION}-input-files.xcfilelist",
			);
			name = "[CP] Embed Pods Frameworks";
			outputFileListPaths = (
				"${PODS_ROOT}/Target Support Files/Pods-RfidCertificates-Default-Swift/Pods-RfidCertificates-Default-Swift-frameworks-${CONFIGURATION}-output-files.xcfilelist",
			);
			runOnlyForDeploymentPostprocessing = 0;
			shellPath = /bin/sh;
			shellScript = "\"${PODS_ROOT}/Target Support Files/Pods-RfidCertificates-Default-Swift/Pods-RfidCertificates-Default-Swift-frameworks.sh\"\n";
			showEnvVarsInLog = 0;
		};
		E0C09A0536D45C17259FE8D8 /* [CP] Check Pods Manifest.lock */ = {
			isa = PBXShellScriptBuildPhase;
			buildActionMask = 2147483647;
			files = (
			);
			inputFileListPaths = (
			);
			inputPaths = (
				"${PODS_PODFILE_DIR_PATH}/Podfile.lock",
				"${PODS_ROOT}/Manifest.lock",
			);
			name = "[CP] Check Pods Manifest.lock";
			outputFileListPaths = (
			);
			outputPaths = (
				"$(DERIVED_FILE_DIR)/Pods-RfidCertificates-Default-Swift-checkManifestLockResult.txt",
			);
			runOnlyForDeploymentPostprocessing = 0;
			shellPath = /bin/sh;
			shellScript = "diff \"${PODS_PODFILE_DIR_PATH}/Podfile.lock\" \"${PODS_ROOT}/Manifest.lock\" > /dev/null\nif [ $? != 0 ] ; then\n    # print error to STDERR\n    echo \"error: The sandbox is not in sync with the Podfile.lock. Run 'pod install' or update your CocoaPods installation.\" >&2\n    exit 1\nfi\n# This output is used by Xcode 'outputs' to avoid re-running this script phase.\necho \"SUCCESS\" > \"${SCRIPT_OUTPUT_FILE_0}\"\n";
			showEnvVarsInLog = 0;
		};
/* End PBXShellScriptBuildPhase section */

/* Begin PBXSourcesBuildPhase section */
		9D6B897929CAEDF2005F2903 /* Sources */ = {
			isa = PBXSourcesBuildPhase;
			buildActionMask = 2147483647;
			files = (
				96760D402B85283500475CB7 /* Constants.swift in Sources */,
				9D6B898529CAEDF2005F2903 /* ViewController.swift in Sources */,
				9D6B898129CAEDF2005F2903 /* AppDelegate.swift in Sources */,
				9D6B899729CAEF1A005F2903 /* Constants.swift in Sources */,
				9D6B899F29CAF97E005F2903 /* PKDCertificate+Extensions.swift in Sources */,
			);
			runOnlyForDeploymentPostprocessing = 0;
		};
/* End PBXSourcesBuildPhase section */

/* Begin PBXVariantGroup section */
		9D6B898629CAEDF2005F2903 /* Main.storyboard */ = {
			isa = PBXVariantGroup;
			children = (
				9D6B898729CAEDF2005F2903 /* Base */,
			);
			name = Main.storyboard;
			sourceTree = "<group>";
		};
		9D6B898B29CAEDF3005F2903 /* LaunchScreen.storyboard */ = {
			isa = PBXVariantGroup;
			children = (
				9D6B898C29CAEDF3005F2903 /* Base */,
			);
			name = LaunchScreen.storyboard;
			sourceTree = "<group>";
		};
/* End PBXVariantGroup section */

/* Begin XCBuildConfiguration section */
		9D6B898F29CAEDF3005F2903 /* Debug */ = {
			isa = XCBuildConfiguration;
			buildSettings = {
				ALWAYS_SEARCH_USER_PATHS = NO;
				CLANG_ANALYZER_NONNULL = YES;
				CLANG_ANALYZER_NUMBER_OBJECT_CONVERSION = YES_AGGRESSIVE;
				CLANG_CXX_LANGUAGE_STANDARD = "gnu++20";
				CLANG_ENABLE_MODULES = YES;
				CLANG_ENABLE_OBJC_ARC = YES;
				CLANG_ENABLE_OBJC_WEAK = YES;
				CLANG_WARN_BLOCK_CAPTURE_AUTORELEASING = YES;
				CLANG_WARN_BOOL_CONVERSION = YES;
				CLANG_WARN_COMMA = YES;
				CLANG_WARN_CONSTANT_CONVERSION = YES;
				CLANG_WARN_DEPRECATED_OBJC_IMPLEMENTATIONS = YES;
				CLANG_WARN_DIRECT_OBJC_ISA_USAGE = YES_ERROR;
				CLANG_WARN_DOCUMENTATION_COMMENTS = YES;
				CLANG_WARN_EMPTY_BODY = YES;
				CLANG_WARN_ENUM_CONVERSION = YES;
				CLANG_WARN_INFINITE_RECURSION = YES;
				CLANG_WARN_INT_CONVERSION = YES;
				CLANG_WARN_NON_LITERAL_NULL_CONVERSION = YES;
				CLANG_WARN_OBJC_IMPLICIT_RETAIN_SELF = YES;
				CLANG_WARN_OBJC_LITERAL_CONVERSION = YES;
				CLANG_WARN_OBJC_ROOT_CLASS = YES_ERROR;
				CLANG_WARN_QUOTED_INCLUDE_IN_FRAMEWORK_HEADER = YES;
				CLANG_WARN_RANGE_LOOP_ANALYSIS = YES;
				CLANG_WARN_STRICT_PROTOTYPES = YES;
				CLANG_WARN_SUSPICIOUS_MOVE = YES;
				CLANG_WARN_UNGUARDED_AVAILABILITY = YES_AGGRESSIVE;
				CLANG_WARN_UNREACHABLE_CODE = YES;
				CLANG_WARN__DUPLICATE_METHOD_MATCH = YES;
				COPY_PHASE_STRIP = NO;
				DEBUG_INFORMATION_FORMAT = dwarf;
				ENABLE_STRICT_OBJC_MSGSEND = YES;
				ENABLE_TESTABILITY = YES;
				GCC_C_LANGUAGE_STANDARD = gnu11;
				GCC_DYNAMIC_NO_PIC = NO;
				GCC_NO_COMMON_BLOCKS = YES;
				GCC_OPTIMIZATION_LEVEL = 0;
				GCC_PREPROCESSOR_DEFINITIONS = (
					"DEBUG=1",
					"$(inherited)",
				);
				GCC_WARN_64_TO_32_BIT_CONVERSION = YES;
				GCC_WARN_ABOUT_RETURN_TYPE = YES_ERROR;
				GCC_WARN_UNDECLARED_SELECTOR = YES;
				GCC_WARN_UNINITIALIZED_AUTOS = YES_AGGRESSIVE;
				GCC_WARN_UNUSED_FUNCTION = YES;
				GCC_WARN_UNUSED_VARIABLE = YES;
				IPHONEOS_DEPLOYMENT_TARGET = 13.0;
				MTL_ENABLE_DEBUG_INFO = INCLUDE_SOURCE;
				MTL_FAST_MATH = YES;
				ONLY_ACTIVE_ARCH = YES;
				SDKROOT = iphoneos;
				SWIFT_ACTIVE_COMPILATION_CONDITIONS = DEBUG;
				SWIFT_OPTIMIZATION_LEVEL = "-Onone";
			};
			name = Debug;
		};
		9D6B899029CAEDF3005F2903 /* Release */ = {
			isa = XCBuildConfiguration;
			buildSettings = {
				ALWAYS_SEARCH_USER_PATHS = NO;
				CLANG_ANALYZER_NONNULL = YES;
				CLANG_ANALYZER_NUMBER_OBJECT_CONVERSION = YES_AGGRESSIVE;
				CLANG_CXX_LANGUAGE_STANDARD = "gnu++20";
				CLANG_ENABLE_MODULES = YES;
				CLANG_ENABLE_OBJC_ARC = YES;
				CLANG_ENABLE_OBJC_WEAK = YES;
				CLANG_WARN_BLOCK_CAPTURE_AUTORELEASING = YES;
				CLANG_WARN_BOOL_CONVERSION = YES;
				CLANG_WARN_COMMA = YES;
				CLANG_WARN_CONSTANT_CONVERSION = YES;
				CLANG_WARN_DEPRECATED_OBJC_IMPLEMENTATIONS = YES;
				CLANG_WARN_DIRECT_OBJC_ISA_USAGE = YES_ERROR;
				CLANG_WARN_DOCUMENTATION_COMMENTS = YES;
				CLANG_WARN_EMPTY_BODY = YES;
				CLANG_WARN_ENUM_CONVERSION = YES;
				CLANG_WARN_INFINITE_RECURSION = YES;
				CLANG_WARN_INT_CONVERSION = YES;
				CLANG_WARN_NON_LITERAL_NULL_CONVERSION = YES;
				CLANG_WARN_OBJC_IMPLICIT_RETAIN_SELF = YES;
				CLANG_WARN_OBJC_LITERAL_CONVERSION = YES;
				CLANG_WARN_OBJC_ROOT_CLASS = YES_ERROR;
				CLANG_WARN_QUOTED_INCLUDE_IN_FRAMEWORK_HEADER = YES;
				CLANG_WARN_RANGE_LOOP_ANALYSIS = YES;
				CLANG_WARN_STRICT_PROTOTYPES = YES;
				CLANG_WARN_SUSPICIOUS_MOVE = YES;
				CLANG_WARN_UNGUARDED_AVAILABILITY = YES_AGGRESSIVE;
				CLANG_WARN_UNREACHABLE_CODE = YES;
				CLANG_WARN__DUPLICATE_METHOD_MATCH = YES;
				COPY_PHASE_STRIP = NO;
				DEBUG_INFORMATION_FORMAT = "dwarf-with-dsym";
				ENABLE_NS_ASSERTIONS = NO;
				ENABLE_STRICT_OBJC_MSGSEND = YES;
				GCC_C_LANGUAGE_STANDARD = gnu11;
				GCC_NO_COMMON_BLOCKS = YES;
				GCC_WARN_64_TO_32_BIT_CONVERSION = YES;
				GCC_WARN_ABOUT_RETURN_TYPE = YES_ERROR;
				GCC_WARN_UNDECLARED_SELECTOR = YES;
				GCC_WARN_UNINITIALIZED_AUTOS = YES_AGGRESSIVE;
				GCC_WARN_UNUSED_FUNCTION = YES;
				GCC_WARN_UNUSED_VARIABLE = YES;
				IPHONEOS_DEPLOYMENT_TARGET = 13.0;
				MTL_ENABLE_DEBUG_INFO = NO;
				MTL_FAST_MATH = YES;
				SDKROOT = iphoneos;
				SWIFT_COMPILATION_MODE = wholemodule;
				SWIFT_OPTIMIZATION_LEVEL = "-O";
				VALIDATE_PRODUCT = YES;
			};
			name = Release;
		};
		9D6B899229CAEDF3005F2903 /* Debug */ = {
			isa = XCBuildConfiguration;
			baseConfigurationReference = 78505990FE75A782E9399ED6 /* Pods-RfidCertificates-Default-Swift.debug.xcconfig */;
			buildSettings = {
				ASSETCATALOG_COMPILER_APPICON_NAME = AppIcon;
				ASSETCATALOG_COMPILER_GLOBAL_ACCENT_COLOR_NAME = AccentColor;
				CODE_SIGN_ENTITLEMENTS = "RfidCertificates-Default-Swift/RfidCertificates-Default-Swift.entitlements";
				CODE_SIGN_STYLE = Automatic;
				CURRENT_PROJECT_VERSION = 1;
				DEVELOPMENT_TEAM = H6WR54S268;
				GENERATE_INFOPLIST_FILE = YES;
				INFOPLIST_FILE = "RfidCertificates-Default-Swift/Info.plist";
				INFOPLIST_KEY_NFCReaderUsageDescription = "NFC tag to read NDEF messages";
				INFOPLIST_KEY_NSCameraUsageDescription = "Allow camera access";
				INFOPLIST_KEY_UIApplicationSupportsIndirectInputEvents = YES;
				INFOPLIST_KEY_UILaunchStoryboardName = LaunchScreen;
				INFOPLIST_KEY_UIMainStoryboardFile = Main;
				INFOPLIST_KEY_UISupportedInterfaceOrientations_iPad = "UIInterfaceOrientationPortrait UIInterfaceOrientationPortraitUpsideDown UIInterfaceOrientationLandscapeLeft UIInterfaceOrientationLandscapeRight";
				INFOPLIST_KEY_UISupportedInterfaceOrientations_iPhone = "UIInterfaceOrientationPortrait UIInterfaceOrientationLandscapeLeft UIInterfaceOrientationLandscapeRight";
				LD_RUNPATH_SEARCH_PATHS = (
					"$(inherited)",
					"@executable_path/Frameworks",
				);
				MARKETING_VERSION = 1.0;
				PRODUCT_BUNDLE_IDENTIFIER = regula.DocumentReader;
				PRODUCT_NAME = "$(TARGET_NAME)";
				SWIFT_EMIT_LOC_STRINGS = YES;
				SWIFT_VERSION = 5.0;
				TARGETED_DEVICE_FAMILY = "1,2";
			};
			name = Debug;
		};
		9D6B899329CAEDF3005F2903 /* Release */ = {
			isa = XCBuildConfiguration;
			baseConfigurationReference = C120E75B633115DAF1D734A3 /* Pods-RfidCertificates-Default-Swift.release.xcconfig */;
			buildSettings = {
				ASSETCATALOG_COMPILER_APPICON_NAME = AppIcon;
				ASSETCATALOG_COMPILER_GLOBAL_ACCENT_COLOR_NAME = AccentColor;
				CODE_SIGN_ENTITLEMENTS = "RfidCertificates-Default-Swift/RfidCertificates-Default-Swift.entitlements";
				CODE_SIGN_STYLE = Automatic;
				CURRENT_PROJECT_VERSION = 1;
				DEVELOPMENT_TEAM = H6WR54S268;
				GENERATE_INFOPLIST_FILE = YES;
				INFOPLIST_FILE = "RfidCertificates-Default-Swift/Info.plist";
				INFOPLIST_KEY_NFCReaderUsageDescription = "NFC tag to read NDEF messages";
				INFOPLIST_KEY_NSCameraUsageDescription = "Allow camera access";
				INFOPLIST_KEY_UIApplicationSupportsIndirectInputEvents = YES;
				INFOPLIST_KEY_UILaunchStoryboardName = LaunchScreen;
				INFOPLIST_KEY_UIMainStoryboardFile = Main;
				INFOPLIST_KEY_UISupportedInterfaceOrientations_iPad = "UIInterfaceOrientationPortrait UIInterfaceOrientationPortraitUpsideDown UIInterfaceOrientationLandscapeLeft UIInterfaceOrientationLandscapeRight";
				INFOPLIST_KEY_UISupportedInterfaceOrientations_iPhone = "UIInterfaceOrientationPortrait UIInterfaceOrientationLandscapeLeft UIInterfaceOrientationLandscapeRight";
				LD_RUNPATH_SEARCH_PATHS = (
					"$(inherited)",
					"@executable_path/Frameworks",
				);
				MARKETING_VERSION = 1.0;
				PRODUCT_BUNDLE_IDENTIFIER = regula.DocumentReader;
				PRODUCT_NAME = "$(TARGET_NAME)";
				SWIFT_EMIT_LOC_STRINGS = YES;
				SWIFT_VERSION = 5.0;
				TARGETED_DEVICE_FAMILY = "1,2";
			};
			name = Release;
		};
/* End XCBuildConfiguration section */

/* Begin XCConfigurationList section */
		9D6B897829CAEDF2005F2903 /* Build configuration list for PBXProject "RfidCertificates-Default-Swift" */ = {
			isa = XCConfigurationList;
			buildConfigurations = (
				9D6B898F29CAEDF3005F2903 /* Debug */,
				9D6B899029CAEDF3005F2903 /* Release */,
			);
			defaultConfigurationIsVisible = 0;
			defaultConfigurationName = Release;
		};
		9D6B899129CAEDF3005F2903 /* Build configuration list for PBXNativeTarget "RfidCertificates-Default-Swift" */ = {
			isa = XCConfigurationList;
			buildConfigurations = (
				9D6B899229CAEDF3005F2903 /* Debug */,
				9D6B899329CAEDF3005F2903 /* Release */,
			);
			defaultConfigurationIsVisible = 0;
			defaultConfigurationName = Release;
		};
/* End XCConfigurationList section */
	};
	rootObject = 9D6B897529CAEDF2005F2903 /* Project object */;
}
