// !$*UTF8*$!
{
	archiveVersion = 1;
	classes = {
	};
	objectVersion = 56;
	objects = {

/* Begin PBXBuildFile section */
		5D73E82D2B6A2E4700DC31A0 /* UIApplication+Window.swift in Sources */ = {isa = PBXBuildFile; fileRef = 5D73E82C2B6A2E4700DC31A0 /* UIApplication+Window.swift */; };
		5DE8CFD52B8629170081BEEB /* db.dat in Resources */ = {isa = PBXBuildFile; fileRef = 5DE8CFD42B8629170081BEEB /* db.dat */; };
		9664D4D92B62801D00DBA2D4 /* DocumentReaderRFIDSwiftUISampleApp.swift in Sources */ = {isa = PBXBuildFile; fileRef = 9664D4D82B62801D00DBA2D4 /* DocumentReaderRFIDSwiftUISampleApp.swift */; };
		9664D4DB2B62801D00DBA2D4 /* ContentView.swift in Sources */ = {isa = PBXBuildFile; fileRef = 9664D4DA2B62801D00DBA2D4 /* ContentView.swift */; };
		9664D4DD2B62802000DBA2D4 /* Assets.xcassets in Resources */ = {isa = PBXBuildFile; fileRef = 9664D4DC2B62802000DBA2D4 /* Assets.xcassets */; };
		9664D4E02B62802000DBA2D4 /* Preview Assets.xcassets in Resources */ = {isa = PBXBuildFile; fileRef = 9664D4DF2B62802000DBA2D4 /* Preview Assets.xcassets */; };
		9664D4E72B62834B00DBA2D4 /* ReaderFacade.swift in Sources */ = {isa = PBXBuildFile; fileRef = 9664D4E62B62834B00DBA2D4 /* ReaderFacade.swift */; };
		9664D4E92B62873A00DBA2D4 /* DocReader+Combine.swift in Sources */ = {isa = PBXBuildFile; fileRef = 9664D4E82B62873A00DBA2D4 /* DocReader+Combine.swift */; };
		9664D4EB2B62888400DBA2D4 /* CameraView.swift in Sources */ = {isa = PBXBuildFile; fileRef = 9664D4EA2B62888400DBA2D4 /* CameraView.swift */; };
		9664D4ED2B62890E00DBA2D4 /* ResultsView.swift in Sources */ = {isa = PBXBuildFile; fileRef = 9664D4EC2B62890E00DBA2D4 /* ResultsView.swift */; };
		9664D4EF2B628A0000DBA2D4 /* regula.license in Resources */ = {isa = PBXBuildFile; fileRef = 9664D4EE2B628A0000DBA2D4 /* regula.license */; };
		B0F008BB6D8EF86D9D116BB2 /* Pods_DocumentReaderRFIDSwiftUISample.framework in Frameworks */ = {isa = PBXBuildFile; fileRef = AB834E80BFD1D61445086EC4 /* Pods_DocumentReaderRFIDSwiftUISample.framework */; };
/* End PBXBuildFile section */

/* Begin PBXFileReference section */
		5D73E82C2B6A2E4700DC31A0 /* UIApplication+Window.swift */ = {isa = PBXFileReference; lastKnownFileType = sourcecode.swift; path = "UIApplication+Window.swift"; sourceTree = "<group>"; };
		5DAAAA322B678CD400A41C78 /* Info.plist */ = {isa = PBXFileReference; lastKnownFileType = text.plist; path = Info.plist; sourceTree = "<group>"; };
		5DE8CFD42B8629170081BEEB /* db.dat */ = {isa = PBXFileReference; lastKnownFileType = file; path = db.dat; sourceTree = "<group>"; };
		7D5B76D5EFDCE783AC82E334 /* Pods-DocumentReaderRFIDSwiftUISample.debug.xcconfig */ = {isa = PBXFileReference; includeInIndex = 1; lastKnownFileType = text.xcconfig; name = "Pods-DocumentReaderRFIDSwiftUISample.debug.xcconfig"; path = "Target Support Files/Pods-DocumentReaderRFIDSwiftUISample/Pods-DocumentReaderRFIDSwiftUISample.debug.xcconfig"; sourceTree = "<group>"; };
		9664D4D52B62801D00DBA2D4 /* DocumentReaderRFIDSwiftUISample.app */ = {isa = PBXFileReference; explicitFileType = wrapper.application; includeInIndex = 0; path = DocumentReaderRFIDSwiftUISample.app; sourceTree = BUILT_PRODUCTS_DIR; };
		9664D4D82B62801D00DBA2D4 /* DocumentReaderRFIDSwiftUISampleApp.swift */ = {isa = PBXFileReference; lastKnownFileType = sourcecode.swift; path = DocumentReaderRFIDSwiftUISampleApp.swift; sourceTree = "<group>"; };
		9664D4DA2B62801D00DBA2D4 /* ContentView.swift */ = {isa = PBXFileReference; lastKnownFileType = sourcecode.swift; path = ContentView.swift; sourceTree = "<group>"; };
		9664D4DC2B62802000DBA2D4 /* Assets.xcassets */ = {isa = PBXFileReference; lastKnownFileType = folder.assetcatalog; path = Assets.xcassets; sourceTree = "<group>"; };
		9664D4DF2B62802000DBA2D4 /* Preview Assets.xcassets */ = {isa = PBXFileReference; lastKnownFileType = folder.assetcatalog; path = "Preview Assets.xcassets"; sourceTree = "<group>"; };
		9664D4E62B62834B00DBA2D4 /* ReaderFacade.swift */ = {isa = PBXFileReference; fileEncoding = 4; lastKnownFileType = sourcecode.swift; path = ReaderFacade.swift; sourceTree = "<group>"; };
		9664D4E82B62873A00DBA2D4 /* DocReader+Combine.swift */ = {isa = PBXFileReference; fileEncoding = 4; lastKnownFileType = sourcecode.swift; path = "DocReader+Combine.swift"; sourceTree = "<group>"; };
		9664D4EA2B62888400DBA2D4 /* CameraView.swift */ = {isa = PBXFileReference; fileEncoding = 4; lastKnownFileType = sourcecode.swift; path = CameraView.swift; sourceTree = "<group>"; };
		9664D4EC2B62890E00DBA2D4 /* ResultsView.swift */ = {isa = PBXFileReference; fileEncoding = 4; lastKnownFileType = sourcecode.swift; path = ResultsView.swift; sourceTree = "<group>"; };
		9664D4EE2B628A0000DBA2D4 /* regula.license */ = {isa = PBXFileReference; lastKnownFileType = file; path = regula.license; sourceTree = "<group>"; };
		9664D4F22B629CE600DBA2D4 /* DocumentReaderRFIDSwiftUISample.entitlements */ = {isa = PBXFileReference; lastKnownFileType = text.plist.entitlements; path = DocumentReaderRFIDSwiftUISample.entitlements; sourceTree = "<group>"; };
		AB834E80BFD1D61445086EC4 /* Pods_DocumentReaderRFIDSwiftUISample.framework */ = {isa = PBXFileReference; explicitFileType = wrapper.framework; includeInIndex = 0; path = Pods_DocumentReaderRFIDSwiftUISample.framework; sourceTree = BUILT_PRODUCTS_DIR; };
		FEE45017F96ECD5E43A1B932 /* Pods-DocumentReaderRFIDSwiftUISample.release.xcconfig */ = {isa = PBXFileReference; includeInIndex = 1; lastKnownFileType = text.xcconfig; name = "Pods-DocumentReaderRFIDSwiftUISample.release.xcconfig"; path = "Target Support Files/Pods-DocumentReaderRFIDSwiftUISample/Pods-DocumentReaderRFIDSwiftUISample.release.xcconfig"; sourceTree = "<group>"; };
/* End PBXFileReference section */

/* Begin PBXFrameworksBuildPhase section */
		9664D4D22B62801D00DBA2D4 /* Frameworks */ = {
			isa = PBXFrameworksBuildPhase;
			buildActionMask = 2147483647;
			files = (
				B0F008BB6D8EF86D9D116BB2 /* Pods_DocumentReaderRFIDSwiftUISample.framework in Frameworks */,
			);
			runOnlyForDeploymentPostprocessing = 0;
		};
/* End PBXFrameworksBuildPhase section */

/* Begin PBXGroup section */
		03597896DACA8183D372F598 /* Frameworks */ = {
			isa = PBXGroup;
			children = (
				AB834E80BFD1D61445086EC4 /* Pods_DocumentReaderRFIDSwiftUISample.framework */,
			);
			name = Frameworks;
			sourceTree = "<group>";
		};
		60180CF1C5C8F99E07FC79A2 /* Pods */ = {
			isa = PBXGroup;
			children = (
				7D5B76D5EFDCE783AC82E334 /* Pods-DocumentReaderRFIDSwiftUISample.debug.xcconfig */,
				FEE45017F96ECD5E43A1B932 /* Pods-DocumentReaderRFIDSwiftUISample.release.xcconfig */,
			);
			path = Pods;
			sourceTree = "<group>";
		};
		9664D4CC2B62801D00DBA2D4 = {
			isa = PBXGroup;
			children = (
				9664D4D72B62801D00DBA2D4 /* DocumentReaderRFIDSwiftUISample */,
				9664D4D62B62801D00DBA2D4 /* Products */,
				60180CF1C5C8F99E07FC79A2 /* Pods */,
				03597896DACA8183D372F598 /* Frameworks */,
			);
			sourceTree = "<group>";
		};
		9664D4D62B62801D00DBA2D4 /* Products */ = {
			isa = PBXGroup;
			children = (
				9664D4D52B62801D00DBA2D4 /* DocumentReaderRFIDSwiftUISample.app */,
			);
			name = Products;
			sourceTree = "<group>";
		};
		9664D4D72B62801D00DBA2D4 /* DocumentReaderRFIDSwiftUISample */ = {
			isa = PBXGroup;
			children = (
				5DAAAA322B678CD400A41C78 /* Info.plist */,
				9664D4F22B629CE600DBA2D4 /* DocumentReaderRFIDSwiftUISample.entitlements */,
				9664D4D82B62801D00DBA2D4 /* DocumentReaderRFIDSwiftUISampleApp.swift */,
				9664D4E62B62834B00DBA2D4 /* ReaderFacade.swift */,
				9664D4E82B62873A00DBA2D4 /* DocReader+Combine.swift */,
				9664D4DA2B62801D00DBA2D4 /* ContentView.swift */,
				9664D4EA2B62888400DBA2D4 /* CameraView.swift */,
				9664D4EC2B62890E00DBA2D4 /* ResultsView.swift */,
				5D73E82C2B6A2E4700DC31A0 /* UIApplication+Window.swift */,
				5DE8CFD42B8629170081BEEB /* db.dat */,
				9664D4EE2B628A0000DBA2D4 /* regula.license */,
				9664D4DC2B62802000DBA2D4 /* Assets.xcassets */,
				9664D4DE2B62802000DBA2D4 /* Preview Content */,
			);
			path = DocumentReaderRFIDSwiftUISample;
			sourceTree = "<group>";
		};
		9664D4DE2B62802000DBA2D4 /* Preview Content */ = {
			isa = PBXGroup;
			children = (
				9664D4DF2B62802000DBA2D4 /* Preview Assets.xcassets */,
			);
			path = "Preview Content";
			sourceTree = "<group>";
		};
/* End PBXGroup section */

/* Begin PBXNativeTarget section */
		9664D4D42B62801D00DBA2D4 /* DocumentReaderRFIDSwiftUISample */ = {
			isa = PBXNativeTarget;
			buildConfigurationList = 9664D4E32B62802000DBA2D4 /* Build configuration list for PBXNativeTarget "DocumentReaderRFIDSwiftUISample" */;
			buildPhases = (
				4C00C654EC7289A286EA2E55 /* [CP] Check Pods Manifest.lock */,
				9664D4D12B62801D00DBA2D4 /* Sources */,
				9664D4D22B62801D00DBA2D4 /* Frameworks */,
				9664D4D32B62801D00DBA2D4 /* Resources */,
				06B94798B8A92B72381A5615 /* [CP] Embed Pods Frameworks */,
			);
			buildRules = (
			);
			dependencies = (
			);
			name = DocumentReaderRFIDSwiftUISample;
			productName = DocumentReaderRFIDSwiftUISample;
			productReference = 9664D4D52B62801D00DBA2D4 /* DocumentReaderRFIDSwiftUISample.app */;
			productType = "com.apple.product-type.application";
		};
/* End PBXNativeTarget section */

/* Begin PBXProject section */
		9664D4CD2B62801D00DBA2D4 /* Project object */ = {
			isa = PBXProject;
			attributes = {
				BuildIndependentTargetsInParallel = 1;
				LastSwiftUpdateCheck = 1510;
				LastUpgradeCheck = 1510;
				TargetAttributes = {
					9664D4D42B62801D00DBA2D4 = {
						CreatedOnToolsVersion = 15.1;
					};
				};
			};
			buildConfigurationList = 9664D4D02B62801D00DBA2D4 /* Build configuration list for PBXProject "DocumentReaderRFIDSwiftUISample" */;
			compatibilityVersion = "Xcode 14.0";
			developmentRegion = en;
			hasScannedForEncodings = 0;
			knownRegions = (
				en,
				Base,
			);
			mainGroup = 9664D4CC2B62801D00DBA2D4;
			productRefGroup = 9664D4D62B62801D00DBA2D4 /* Products */;
			projectDirPath = "";
			projectRoot = "";
			targets = (
				9664D4D42B62801D00DBA2D4 /* DocumentReaderRFIDSwiftUISample */,
			);
		};
/* End PBXProject section */

/* Begin PBXResourcesBuildPhase section */
		9664D4D32B62801D00DBA2D4 /* Resources */ = {
			isa = PBXResourcesBuildPhase;
			buildActionMask = 2147483647;
			files = (
				9664D4E02B62802000DBA2D4 /* Preview Assets.xcassets in Resources */,
				9664D4DD2B62802000DBA2D4 /* Assets.xcassets in Resources */,
				9664D4EF2B628A0000DBA2D4 /* regula.license in Resources */,
				5DE8CFD52B8629170081BEEB /* db.dat in Resources */,
			);
			runOnlyForDeploymentPostprocessing = 0;
		};
/* End PBXResourcesBuildPhase section */

/* Begin PBXShellScriptBuildPhase section */
		06B94798B8A92B72381A5615 /* [CP] Embed Pods Frameworks */ = {
			isa = PBXShellScriptBuildPhase;
			buildActionMask = 2147483647;
			files = (
			);
			inputFileListPaths = (
				"${PODS_ROOT}/Target Support Files/Pods-DocumentReaderRFIDSwiftUISample/Pods-DocumentReaderRFIDSwiftUISample-frameworks-${CONFIGURATION}-input-files.xcfilelist",
			);
			name = "[CP] Embed Pods Frameworks";
			outputFileListPaths = (
				"${PODS_ROOT}/Target Support Files/Pods-DocumentReaderRFIDSwiftUISample/Pods-DocumentReaderRFIDSwiftUISample-frameworks-${CONFIGURATION}-output-files.xcfilelist",
			);
			runOnlyForDeploymentPostprocessing = 0;
			shellPath = /bin/sh;
			shellScript = "\"${PODS_ROOT}/Target Support Files/Pods-DocumentReaderRFIDSwiftUISample/Pods-DocumentReaderRFIDSwiftUISample-frameworks.sh\"\n";
			showEnvVarsInLog = 0;
		};
		4C00C654EC7289A286EA2E55 /* [CP] Check Pods Manifest.lock */ = {
			isa = PBXShellScriptBuildPhase;
			buildActionMask = 2147483647;
			files = (
			);
			inputFileListPaths = (
			);
			inputPaths = (
				"${PODS_PODFILE_DIR_PATH}/Podfile.lock",
				"${PODS_ROOT}/Manifest.lock",
			);
			name = "[CP] Check Pods Manifest.lock";
			outputFileListPaths = (
			);
			outputPaths = (
				"$(DERIVED_FILE_DIR)/Pods-DocumentReaderRFIDSwiftUISample-checkManifestLockResult.txt",
			);
			runOnlyForDeploymentPostprocessing = 0;
			shellPath = /bin/sh;
			shellScript = "diff \"${PODS_PODFILE_DIR_PATH}/Podfile.lock\" \"${PODS_ROOT}/Manifest.lock\" > /dev/null\nif [ $? != 0 ] ; then\n    # print error to STDERR\n    echo \"error: The sandbox is not in sync with the Podfile.lock. Run 'pod install' or update your CocoaPods installation.\" >&2\n    exit 1\nfi\n# This output is used by Xcode 'outputs' to avoid re-running this script phase.\necho \"SUCCESS\" > \"${SCRIPT_OUTPUT_FILE_0}\"\n";
			showEnvVarsInLog = 0;
		};
/* End PBXShellScriptBuildPhase section */

/* Begin PBXSourcesBuildPhase section */
		9664D4D12B62801D00DBA2D4 /* Sources */ = {
			isa = PBXSourcesBuildPhase;
			buildActionMask = 2147483647;
			files = (
				9664D4E72B62834B00DBA2D4 /* ReaderFacade.swift in Sources */,
				9664D4ED2B62890E00DBA2D4 /* ResultsView.swift in Sources */,
				9664D4DB2B62801D00DBA2D4 /* ContentView.swift in Sources */,
				9664D4D92B62801D00DBA2D4 /* DocumentReaderRFIDSwiftUISampleApp.swift in Sources */,
				5D73E82D2B6A2E4700DC31A0 /* UIApplication+Window.swift in Sources */,
				9664D4EB2B62888400DBA2D4 /* CameraView.swift in Sources */,
				9664D4E92B62873A00DBA2D4 /* DocReader+Combine.swift in Sources */,
			);
			runOnlyForDeploymentPostprocessing = 0;
		};
/* End PBXSourcesBuildPhase section */

/* Begin XCBuildConfiguration section */
		9664D4E12B62802000DBA2D4 /* Debug */ = {
			isa = XCBuildConfiguration;
			buildSettings = {
				ALWAYS_SEARCH_USER_PATHS = NO;
				ASSETCATALOG_COMPILER_GENERATE_SWIFT_ASSET_SYMBOL_EXTENSIONS = YES;
				CLANG_ANALYZER_NONNULL = YES;
				CLANG_ANALYZER_NUMBER_OBJECT_CONVERSION = YES_AGGRESSIVE;
				CLANG_CXX_LANGUAGE_STANDARD = "gnu++20";
				CLANG_ENABLE_MODULES = YES;
				CLANG_ENABLE_OBJC_ARC = YES;
				CLANG_ENABLE_OBJC_WEAK = YES;
				CLANG_WARN_BLOCK_CAPTURE_AUTORELEASING = YES;
				CLANG_WARN_BOOL_CONVERSION = YES;
				CLANG_WARN_COMMA = YES;
				CLANG_WARN_CONSTANT_CONVERSION = YES;
				CLANG_WARN_DEPRECATED_OBJC_IMPLEMENTATIONS = YES;
				CLANG_WARN_DIRECT_OBJC_ISA_USAGE = YES_ERROR;
				CLANG_WARN_DOCUMENTATION_COMMENTS = YES;
				CLANG_WARN_EMPTY_BODY = YES;
				CLANG_WARN_ENUM_CONVERSION = YES;
				CLANG_WARN_INFINITE_RECURSION = YES;
				CLANG_WARN_INT_CONVERSION = YES;
				CLANG_WARN_NON_LITERAL_NULL_CONVERSION = YES;
				CLANG_WARN_OBJC_IMPLICIT_RETAIN_SELF = YES;
				CLANG_WARN_OBJC_LITERAL_CONVERSION = YES;
				CLANG_WARN_OBJC_ROOT_CLASS = YES_ERROR;
				CLANG_WARN_QUOTED_INCLUDE_IN_FRAMEWORK_HEADER = YES;
				CLANG_WARN_RANGE_LOOP_ANALYSIS = YES;
				CLANG_WARN_STRICT_PROTOTYPES = YES;
				CLANG_WARN_SUSPICIOUS_MOVE = YES;
				CLANG_WARN_UNGUARDED_AVAILABILITY = YES_AGGRESSIVE;
				CLANG_WARN_UNREACHABLE_CODE = YES;
				CLANG_WARN__DUPLICATE_METHOD_MATCH = YES;
				COPY_PHASE_STRIP = NO;
				DEBUG_INFORMATION_FORMAT = dwarf;
				ENABLE_STRICT_OBJC_MSGSEND = YES;
				ENABLE_TESTABILITY = YES;
				ENABLE_USER_SCRIPT_SANDBOXING = YES;
				GCC_C_LANGUAGE_STANDARD = gnu17;
				GCC_DYNAMIC_NO_PIC = NO;
				GCC_NO_COMMON_BLOCKS = YES;
				GCC_OPTIMIZATION_LEVEL = 0;
				GCC_PREPROCESSOR_DEFINITIONS = (
					"DEBUG=1",
					"$(inherited)",
				);
				GCC_WARN_64_TO_32_BIT_CONVERSION = YES;
				GCC_WARN_ABOUT_RETURN_TYPE = YES_ERROR;
				GCC_WARN_UNDECLARED_SELECTOR = YES;
				GCC_WARN_UNINITIALIZED_AUTOS = YES_AGGRESSIVE;
				GCC_WARN_UNUSED_FUNCTION = YES;
				GCC_WARN_UNUSED_VARIABLE = YES;
				GENERATE_INFOPLIST_FILE = YES;
				IPHONEOS_DEPLOYMENT_TARGET = 14.0;
				LOCALIZATION_PREFERS_STRING_CATALOGS = YES;
				MTL_ENABLE_DEBUG_INFO = INCLUDE_SOURCE;
				MTL_FAST_MATH = YES;
				ONLY_ACTIVE_ARCH = YES;
				SDKROOT = iphoneos;
				SWIFT_ACTIVE_COMPILATION_CONDITIONS = "DEBUG $(inherited)";
				SWIFT_OPTIMIZATION_LEVEL = "-Onone";
			};
			name = Debug;
		};
		9664D4E22B62802000DBA2D4 /* Release */ = {
			isa = XCBuildConfiguration;
			buildSettings = {
				ALWAYS_SEARCH_USER_PATHS = NO;
				ASSETCATALOG_COMPILER_GENERATE_SWIFT_ASSET_SYMBOL_EXTENSIONS = YES;
				CLANG_ANALYZER_NONNULL = YES;
				CLANG_ANALYZER_NUMBER_OBJECT_CONVERSION = YES_AGGRESSIVE;
				CLANG_CXX_LANGUAGE_STANDARD = "gnu++20";
				CLANG_ENABLE_MODULES = YES;
				CLANG_ENABLE_OBJC_ARC = YES;
				CLANG_ENABLE_OBJC_WEAK = YES;
				CLANG_WARN_BLOCK_CAPTURE_AUTORELEASING = YES;
				CLANG_WARN_BOOL_CONVERSION = YES;
				CLANG_WARN_COMMA = YES;
				CLANG_WARN_CONSTANT_CONVERSION = YES;
				CLANG_WARN_DEPRECATED_OBJC_IMPLEMENTATIONS = YES;
				CLANG_WARN_DIRECT_OBJC_ISA_USAGE = YES_ERROR;
				CLANG_WARN_DOCUMENTATION_COMMENTS = YES;
				CLANG_WARN_EMPTY_BODY = YES;
				CLANG_WARN_ENUM_CONVERSION = YES;
				CLANG_WARN_INFINITE_RECURSION = YES;
				CLANG_WARN_INT_CONVERSION = YES;
				CLANG_WARN_NON_LITERAL_NULL_CONVERSION = YES;
				CLANG_WARN_OBJC_IMPLICIT_RETAIN_SELF = YES;
				CLANG_WARN_OBJC_LITERAL_CONVERSION = YES;
				CLANG_WARN_OBJC_ROOT_CLASS = YES_ERROR;
				CLANG_WARN_QUOTED_INCLUDE_IN_FRAMEWORK_HEADER = YES;
				CLANG_WARN_RANGE_LOOP_ANALYSIS = YES;
				CLANG_WARN_STRICT_PROTOTYPES = YES;
				CLANG_WARN_SUSPICIOUS_MOVE = YES;
				CLANG_WARN_UNGUARDED_AVAILABILITY = YES_AGGRESSIVE;
				CLANG_WARN_UNREACHABLE_CODE = YES;
				CLANG_WARN__DUPLICATE_METHOD_MATCH = YES;
				COPY_PHASE_STRIP = NO;
				DEBUG_INFORMATION_FORMAT = "dwarf-with-dsym";
				ENABLE_NS_ASSERTIONS = NO;
				ENABLE_STRICT_OBJC_MSGSEND = YES;
				ENABLE_USER_SCRIPT_SANDBOXING = YES;
				GCC_C_LANGUAGE_STANDARD = gnu17;
				GCC_NO_COMMON_BLOCKS = YES;
				GCC_WARN_64_TO_32_BIT_CONVERSION = YES;
				GCC_WARN_ABOUT_RETURN_TYPE = YES_ERROR;
				GCC_WARN_UNDECLARED_SELECTOR = YES;
				GCC_WARN_UNINITIALIZED_AUTOS = YES_AGGRESSIVE;
				GCC_WARN_UNUSED_FUNCTION = YES;
				GCC_WARN_UNUSED_VARIABLE = YES;
				GENERATE_INFOPLIST_FILE = YES;
				IPHONEOS_DEPLOYMENT_TARGET = 14.0;
				LOCALIZATION_PREFERS_STRING_CATALOGS = YES;
				MTL_ENABLE_DEBUG_INFO = NO;
				MTL_FAST_MATH = YES;
				SDKROOT = iphoneos;
				SWIFT_COMPILATION_MODE = wholemodule;
				VALIDATE_PRODUCT = YES;
			};
			name = Release;
		};
		9664D4E42B62802000DBA2D4 /* Debug */ = {
			isa = XCBuildConfiguration;
			baseConfigurationReference = 7D5B76D5EFDCE783AC82E334 /* Pods-DocumentReaderRFIDSwiftUISample.debug.xcconfig */;
			buildSettings = {
				ASSETCATALOG_COMPILER_APPICON_NAME = AppIcon;
				ASSETCATALOG_COMPILER_GLOBAL_ACCENT_COLOR_NAME = AccentColor;
				CODE_SIGN_ENTITLEMENTS = DocumentReaderRFIDSwiftUISample/DocumentReaderRFIDSwiftUISample.entitlements;
				CODE_SIGN_STYLE = Automatic;
				CURRENT_PROJECT_VERSION = 1;
				DEVELOPMENT_ASSET_PATHS = "\"DocumentReaderRFIDSwiftUISample/Preview Content\"";
				DEVELOPMENT_TEAM = H6WR54S268;
				ENABLE_PREVIEWS = YES;
				ENABLE_USER_SCRIPT_SANDBOXING = NO;
				GENERATE_INFOPLIST_FILE = YES;
				INFOPLIST_EXPAND_BUILD_SETTINGS = YES;
				INFOPLIST_FILE = DocumentReaderRFIDSwiftUISample/Info.plist;
				INFOPLIST_KEY_NFCReaderUsageDescription = "Permission to scan document chip";
				INFOPLIST_KEY_NSCameraUsageDescription = "Required to scan documents";
				INFOPLIST_KEY_UIApplicationSceneManifest_Generation = YES;
				INFOPLIST_KEY_UIApplicationSupportsIndirectInputEvents = YES;
				INFOPLIST_KEY_UILaunchScreen_Generation = YES;
				INFOPLIST_KEY_UISupportedInterfaceOrientations_iPad = "UIInterfaceOrientationPortrait UIInterfaceOrientationPortraitUpsideDown UIInterfaceOrientationLandscapeLeft UIInterfaceOrientationLandscapeRight";
				INFOPLIST_KEY_UISupportedInterfaceOrientations_iPhone = "UIInterfaceOrientationPortrait UIInterfaceOrientationLandscapeLeft UIInterfaceOrientationLandscapeRight";
				LD_RUNPATH_SEARCH_PATHS = (
					"$(inherited)",
					"@executable_path/Frameworks",
				);
				MARKETING_VERSION = 1.0;
				PRODUCT_BUNDLE_IDENTIFIER = regula.DocumentReader;
				PRODUCT_NAME = "$(TARGET_NAME)";
				SWIFT_EMIT_LOC_STRINGS = YES;
				SWIFT_VERSION = 5.0;
				TARGETED_DEVICE_FAMILY = "1,2";
			};
			name = Debug;
		};
		9664D4E52B62802000DBA2D4 /* Release */ = {
			isa = XCBuildConfiguration;
			baseConfigurationReference = FEE45017F96ECD5E43A1B932 /* Pods-DocumentReaderRFIDSwiftUISample.release.xcconfig */;
			buildSettings = {
				ASSETCATALOG_COMPILER_APPICON_NAME = AppIcon;
				ASSETCATALOG_COMPILER_GLOBAL_ACCENT_COLOR_NAME = AccentColor;
				CODE_SIGN_ENTITLEMENTS = DocumentReaderRFIDSwiftUISample/DocumentReaderRFIDSwiftUISample.entitlements;
				CODE_SIGN_STYLE = Automatic;
				CURRENT_PROJECT_VERSION = 1;
				DEVELOPMENT_ASSET_PATHS = "\"DocumentReaderRFIDSwiftUISample/Preview Content\"";
				DEVELOPMENT_TEAM = H6WR54S268;
				ENABLE_PREVIEWS = YES;
				ENABLE_USER_SCRIPT_SANDBOXING = NO;
				GENERATE_INFOPLIST_FILE = YES;
				INFOPLIST_EXPAND_BUILD_SETTINGS = YES;
				INFOPLIST_FILE = DocumentReaderRFIDSwiftUISample/Info.plist;
				INFOPLIST_KEY_NFCReaderUsageDescription = "Permission to scan document chip";
				INFOPLIST_KEY_NSCameraUsageDescription = "Required to scan documents";
				INFOPLIST_KEY_UIApplicationSceneManifest_Generation = YES;
				INFOPLIST_KEY_UIApplicationSupportsIndirectInputEvents = YES;
				INFOPLIST_KEY_UILaunchScreen_Generation = YES;
				INFOPLIST_KEY_UISupportedInterfaceOrientations_iPad = "UIInterfaceOrientationPortrait UIInterfaceOrientationPortraitUpsideDown UIInterfaceOrientationLandscapeLeft UIInterfaceOrientationLandscapeRight";
				INFOPLIST_KEY_UISupportedInterfaceOrientations_iPhone = "UIInterfaceOrientationPortrait UIInterfaceOrientationLandscapeLeft UIInterfaceOrientationLandscapeRight";
				LD_RUNPATH_SEARCH_PATHS = (
					"$(inherited)",
					"@executable_path/Frameworks",
				);
				MARKETING_VERSION = 1.0;
				PRODUCT_BUNDLE_IDENTIFIER = regula.DocumentReader;
				PRODUCT_NAME = "$(TARGET_NAME)";
				SWIFT_EMIT_LOC_STRINGS = YES;
				SWIFT_VERSION = 5.0;
				TARGETED_DEVICE_FAMILY = "1,2";
			};
			name = Release;
		};
/* End XCBuildConfiguration section */

/* Begin XCConfigurationList section */
		9664D4D02B62801D00DBA2D4 /* Build configuration list for PBXProject "DocumentReaderRFIDSwiftUISample" */ = {
			isa = XCConfigurationList;
			buildConfigurations = (
				9664D4E12B62802000DBA2D4 /* Debug */,
				9664D4E22B62802000DBA2D4 /* Release */,
			);
			defaultConfigurationIsVisible = 0;
			defaultConfigurationName = Release;
		};
		9664D4E32B62802000DBA2D4 /* Build configuration list for PBXNativeTarget "DocumentReaderRFIDSwiftUISample" */ = {
			isa = XCConfigurationList;
			buildConfigurations = (
				9664D4E42B62802000DBA2D4 /* Debug */,
				9664D4E52B62802000DBA2D4 /* Release */,
			);
			defaultConfigurationIsVisible = 0;
			defaultConfigurationName = Release;
		};
/* End XCConfigurationList section */
	};
	rootObject = 9664D4CD2B62801D00DBA2D4 /* Project object */;
}
