PODS:
  - DocumentReader (3.4.83817)
  - DocumentReaderFull (3.4.83817)

DEPENDENCIES:
  - DocumentReader
  - DocumentReaderFull

SPEC REPOS:
  https://github.com/CocoaPods/Specs.git:
    - DocumentReader
    - DocumentReaderFull

SPEC CHECKSUMS:
  DocumentReader: a1523ccb6725de58b6b433fffaf12a28de63f905
  DocumentReaderFull: 62d69edf7bc8d54d8ea7fd9890015fba01144a97

PODFILE CHECKSUM: d8a0762fb0194e6d5d60570ea4b62895b4595c54

COCOAPODS: 1.5.0
