PODS:
  - DocumentReader (5.0.531)
  - DocumentReaderFull (5.0.1058)

DEPENDENCIES:
  - DocumentReader
  - DocumentReaderFull

SPEC REPOS:
  https://github.com/cocoapods/specs.git:
    - DocumentReader
    - DocumentReaderFull

SPEC CHECKSUMS:
  DocumentReader: ff10a002c0a1c75130c5f6f88b1ad2f32303ff8f
  DocumentReaderFull: 81a2db6e01837f6a5770fbebe7324a31b51e5bf3

PODFILE CHECKSUM: d8a0762fb0194e6d5d60570ea4b62895b4595c54

COCOAPODS: 1.7.3
