PODS:
  - DocumentReader (5.4.1661)
  - DocumentReaderFullRFID (5.4.3849)

DEPENDENCIES:
  - DocumentReader
  - DocumentReaderFullRFID

SPEC REPOS:
  trunk:
    - DocumentReader
    - DocumentReaderFullRFID

SPEC CHECKSUMS:
  DocumentReader: d85e41b608174d5756ba6b24f22bc88c91f525f7
  DocumentReaderFullRFID: a486c5b33e605dd136ec7700f1edab6912f57ac4

PODFILE CHECKSUM: aedfba8b9622aba4d7cef142bfff825294d12478

COCOAPODS: 1.8.4
