PODS:
  - DocumentReaderBeta (5.0.620)
  - DocumentReaderFullRFIDBeta (5.0.1204)

DEPENDENCIES:
  - DocumentReaderBeta (= 5.0.620)
  - DocumentReaderFullRFIDBeta (= 5.0.1204)

SPEC REPOS:
  https://github.com/cocoapods/specs.git:
    - DocumentReaderBeta
    - DocumentReaderFullRFIDBeta

SPEC CHECKSUMS:
  DocumentReaderBeta: cd2a2209d54f643a4c9fffb0cd7c55d592c4b85f
  DocumentReaderFullRFIDBeta: ada2dbd3b4967ed1c1d7c54eae843f6b4c070580

PODFILE CHECKSUM: dec11a58757a521ea6992d6c31132019a0833e84

COCOAPODS: 1.7.4
