PODS:
  - DocumentReader (4.2.1514)
  - DocumentReaderFull (4.2.93460)

DEPENDENCIES:
  - DocumentReader
  - DocumentReaderFull

SPEC REPOS:
  https://github.com/cocoapods/specs.git:
    - DocumentReader
    - DocumentReaderFull

SPEC CHECKSUMS:
  DocumentReader: 2a8220380e4e1db55e8dd934874bc925ed4ac98d
  DocumentReaderFull: ebb2a5b3c92b63ae8a259c2cb4714f464cc6ef03

PODFILE CHECKSUM: 6418606e8afa6df5b2fa16517e8ff02675c9c0a9

COCOAPODS: 1.5.3
