PODS:
  - BTDeviceBeta (5.1.58)
  - DocumentReaderBeta (5.1.916)
  - DocumentReaderFullRFIDBeta (5.1.1771)

DEPENDENCIES:
  - BTDeviceBeta
  - DocumentReaderBeta (= 5.1.916)
  - DocumentReaderFullRFIDBeta (= 5.1.1771)

SPEC REPOS:
  https://github.com/cocoapods/specs.git:
    - BTDeviceBeta
    - DocumentReaderBeta
    - DocumentReaderFullRFIDBeta

SPEC CHECKSUMS:
  BTDeviceBeta: 82b73b54ab0cca98a7b890131804d8cd19c109a6
  DocumentReaderBeta: 36bfa9b8426685935495f30f2bf85272c44b6bd0
  DocumentReaderFullRFIDBeta: 46bac8d5927169db24e83d3331fad26a1ad8c7d5

PODFILE CHECKSUM: 866e5d0506623ce81ae1e8f08da9f7203f670f3a

COCOAPODS: 1.6.1
