// !$*UTF8*$!
{
	archiveVersion = 1;
	classes = {
	};
	objectVersion = 55;
	objects = {

/* Begin PBXBuildFile section */
		5D1F86D52AD6FAD3008D20C0 /* AppDelegate.swift in Sources */ = {isa = PBXBuildFile; fileRef = 5D1F86D42AD6FAD3008D20C0 /* AppDelegate.swift */; };
		5D1F86D72AD6FAD3008D20C0 /* SceneDelegate.swift in Sources */ = {isa = PBXBuildFile; fileRef = 5D1F86D62AD6FAD3008D20C0 /* SceneDelegate.swift */; };
		5D1F86D92AD6FAD3008D20C0 /* ViewController.swift in Sources */ = {isa = PBXBuildFile; fileRef = 5D1F86D82AD6FAD3008D20C0 /* ViewController.swift */; };
		5D1F86DC2AD6FAD3008D20C0 /* Main.storyboard in Resources */ = {isa = PBXBuildFile; fileRef = 5D1F86DA2AD6FAD3008D20C0 /* Main.storyboard */; };
		5D1F86DE2AD6FAD4008D20C0 /* Assets.xcassets in Resources */ = {isa = PBXBuildFile; fileRef = 5D1F86DD2AD6FAD4008D20C0 /* Assets.xcassets */; };
		5D1F86E12AD6FAD4008D20C0 /* LaunchScreen.storyboard in Resources */ = {isa = PBXBuildFile; fileRef = 5D1F86DF2AD6FAD4008D20C0 /* LaunchScreen.storyboard */; };
		5D6208052AD700AF00311428 /* regula.license in Resources */ = {isa = PBXBuildFile; fileRef = 5D6208042AD700AF00311428 /* regula.license */; };
		5D6208072AD7019F00311428 /* mrz_sample.jpg in Resources */ = {isa = PBXBuildFile; fileRef = 5D6208062AD7019F00311428 /* mrz_sample.jpg */; };
		C3020D5B0F187CA4DCAA4FA3 /* libPods-DocumentReaderCertificatePinning.a in Frameworks */ = {isa = PBXBuildFile; fileRef = DC01852C13C78989082CB1FB /* libPods-DocumentReaderCertificatePinning.a */; };
/* End PBXBuildFile section */

/* Begin PBXFileReference section */
		5D1F86D12AD6FAD3008D20C0 /* DocumentReaderCertificatePinning.app */ = {isa = PBXFileReference; explicitFileType = wrapper.application; includeInIndex = 0; path = DocumentReaderCertificatePinning.app; sourceTree = BUILT_PRODUCTS_DIR; };
		5D1F86D42AD6FAD3008D20C0 /* AppDelegate.swift */ = {isa = PBXFileReference; lastKnownFileType = sourcecode.swift; path = AppDelegate.swift; sourceTree = "<group>"; };
		5D1F86D62AD6FAD3008D20C0 /* SceneDelegate.swift */ = {isa = PBXFileReference; lastKnownFileType = sourcecode.swift; path = SceneDelegate.swift; sourceTree = "<group>"; };
		5D1F86D82AD6FAD3008D20C0 /* ViewController.swift */ = {isa = PBXFileReference; lastKnownFileType = sourcecode.swift; path = ViewController.swift; sourceTree = "<group>"; };
		5D1F86DB2AD6FAD3008D20C0 /* Base */ = {isa = PBXFileReference; lastKnownFileType = file.storyboard; name = Base; path = Base.lproj/Main.storyboard; sourceTree = "<group>"; };
		5D1F86DD2AD6FAD4008D20C0 /* Assets.xcassets */ = {isa = PBXFileReference; lastKnownFileType = folder.assetcatalog; path = Assets.xcassets; sourceTree = "<group>"; };
		5D1F86E02AD6FAD4008D20C0 /* Base */ = {isa = PBXFileReference; lastKnownFileType = file.storyboard; name = Base; path = Base.lproj/LaunchScreen.storyboard; sourceTree = "<group>"; };
		5D1F86E22AD6FAD4008D20C0 /* Info.plist */ = {isa = PBXFileReference; lastKnownFileType = text.plist.xml; path = Info.plist; sourceTree = "<group>"; };
		5D6208042AD700AF00311428 /* regula.license */ = {isa = PBXFileReference; lastKnownFileType = file; path = regula.license; sourceTree = "<group>"; };
		5D6208062AD7019F00311428 /* mrz_sample.jpg */ = {isa = PBXFileReference; lastKnownFileType = image.jpeg; path = mrz_sample.jpg; sourceTree = "<group>"; };
		992C4715CC54BD266DEFF390 /* Pods-DocumentReaderCertificatePinning.debug.xcconfig */ = {isa = PBXFileReference; includeInIndex = 1; lastKnownFileType = text.xcconfig; name = "Pods-DocumentReaderCertificatePinning.debug.xcconfig"; path = "Target Support Files/Pods-DocumentReaderCertificatePinning/Pods-DocumentReaderCertificatePinning.debug.xcconfig"; sourceTree = "<group>"; };
		C5AA83F8F8606548E6C6AC35 /* Pods-DocumentReaderCertificatePinning.release.xcconfig */ = {isa = PBXFileReference; includeInIndex = 1; lastKnownFileType = text.xcconfig; name = "Pods-DocumentReaderCertificatePinning.release.xcconfig"; path = "Target Support Files/Pods-DocumentReaderCertificatePinning/Pods-DocumentReaderCertificatePinning.release.xcconfig"; sourceTree = "<group>"; };
		DC01852C13C78989082CB1FB /* libPods-DocumentReaderCertificatePinning.a */ = {isa = PBXFileReference; explicitFileType = archive.ar; includeInIndex = 0; path = "libPods-DocumentReaderCertificatePinning.a"; sourceTree = BUILT_PRODUCTS_DIR; };
/* End PBXFileReference section */

/* Begin PBXFrameworksBuildPhase section */
		5D1F86CE2AD6FAD3008D20C0 /* Frameworks */ = {
			isa = PBXFrameworksBuildPhase;
			buildActionMask = 2147483647;
			files = (
				C3020D5B0F187CA4DCAA4FA3 /* libPods-DocumentReaderCertificatePinning.a in Frameworks */,
			);
			runOnlyForDeploymentPostprocessing = 0;
		};
/* End PBXFrameworksBuildPhase section */

/* Begin PBXGroup section */
		5D1F86C82AD6FAD3008D20C0 = {
			isa = PBXGroup;
			children = (
				5D1F86D32AD6FAD3008D20C0 /* DocumentReaderCertificatePinning */,
				5D1F86D22AD6FAD3008D20C0 /* Products */,
				9DB8FF6602591D109A13B7BD /* Pods */,
				DA8BBF34C5865816B1AA0984 /* Frameworks */,
			);
			sourceTree = "<group>";
		};
		5D1F86D22AD6FAD3008D20C0 /* Products */ = {
			isa = PBXGroup;
			children = (
				5D1F86D12AD6FAD3008D20C0 /* DocumentReaderCertificatePinning.app */,
			);
			name = Products;
			sourceTree = "<group>";
		};
		5D1F86D32AD6FAD3008D20C0 /* DocumentReaderCertificatePinning */ = {
			isa = PBXGroup;
			children = (
				5D1F86D42AD6FAD3008D20C0 /* AppDelegate.swift */,
				5D1F86D62AD6FAD3008D20C0 /* SceneDelegate.swift */,
				5D1F86D82AD6FAD3008D20C0 /* ViewController.swift */,
				5D1F86DA2AD6FAD3008D20C0 /* Main.storyboard */,
				5D6208042AD700AF00311428 /* regula.license */,
				5D1F86DD2AD6FAD4008D20C0 /* Assets.xcassets */,
				5D6208062AD7019F00311428 /* mrz_sample.jpg */,
				5D1F86DF2AD6FAD4008D20C0 /* LaunchScreen.storyboard */,
				5D1F86E22AD6FAD4008D20C0 /* Info.plist */,
			);
			path = DocumentReaderCertificatePinning;
			sourceTree = "<group>";
		};
		9DB8FF6602591D109A13B7BD /* Pods */ = {
			isa = PBXGroup;
			children = (
				992C4715CC54BD266DEFF390 /* Pods-DocumentReaderCertificatePinning.debug.xcconfig */,
				C5AA83F8F8606548E6C6AC35 /* Pods-DocumentReaderCertificatePinning.release.xcconfig */,
			);
			path = Pods;
			sourceTree = "<group>";
		};
		DA8BBF34C5865816B1AA0984 /* Frameworks */ = {
			isa = PBXGroup;
			children = (
				DC01852C13C78989082CB1FB /* libPods-DocumentReaderCertificatePinning.a */,
			);
			name = Frameworks;
			sourceTree = "<group>";
		};
/* End PBXGroup section */

/* Begin PBXNativeTarget section */
		5D1F86D02AD6FAD3008D20C0 /* DocumentReaderCertificatePinning */ = {
			isa = PBXNativeTarget;
			buildConfigurationList = 5D1F86E52AD6FAD4008D20C0 /* Build configuration list for PBXNativeTarget "DocumentReaderCertificatePinning" */;
			buildPhases = (
				2098844E5546661F14E060F7 /* [CP] Check Pods Manifest.lock */,
				5D1F86CD2AD6FAD3008D20C0 /* Sources */,
				5D1F86CE2AD6FAD3008D20C0 /* Frameworks */,
				5D1F86CF2AD6FAD3008D20C0 /* Resources */,
				41883D97C381B0E36FEB3B25 /* [CP] Embed Pods Frameworks */,
			);
			buildRules = (
			);
			dependencies = (
			);
			name = DocumentReaderCertificatePinning;
			productName = DocumentReaderCertificatePinning;
			productReference = 5D1F86D12AD6FAD3008D20C0 /* DocumentReaderCertificatePinning.app */;
			productType = "com.apple.product-type.application";
		};
/* End PBXNativeTarget section */

/* Begin PBXProject section */
		5D1F86C92AD6FAD3008D20C0 /* Project object */ = {
			isa = PBXProject;
			attributes = {
				BuildIndependentTargetsInParallel = 1;
				LastSwiftUpdateCheck = 1410;
				LastUpgradeCheck = 1410;
				TargetAttributes = {
					5D1F86D02AD6FAD3008D20C0 = {
						CreatedOnToolsVersion = 14.1;
					};
				};
			};
			buildConfigurationList = 5D1F86CC2AD6FAD3008D20C0 /* Build configuration list for PBXProject "DocumentReaderCertificatePinning" */;
			compatibilityVersion = "Xcode 13.0";
			developmentRegion = en;
			hasScannedForEncodings = 0;
			knownRegions = (
				en,
				Base,
			);
			mainGroup = 5D1F86C82AD6FAD3008D20C0;
			productRefGroup = 5D1F86D22AD6FAD3008D20C0 /* Products */;
			projectDirPath = "";
			projectRoot = "";
			targets = (
				5D1F86D02AD6FAD3008D20C0 /* DocumentReaderCertificatePinning */,
			);
		};
/* End PBXProject section */

/* Begin PBXResourcesBuildPhase section */
		5D1F86CF2AD6FAD3008D20C0 /* Resources */ = {
			isa = PBXResourcesBuildPhase;
			buildActionMask = 2147483647;
			files = (
				5D1F86E12AD6FAD4008D20C0 /* LaunchScreen.storyboard in Resources */,
				5D1F86DE2AD6FAD4008D20C0 /* Assets.xcassets in Resources */,
				5D6208052AD700AF00311428 /* regula.license in Resources */,
				5D1F86DC2AD6FAD3008D20C0 /* Main.storyboard in Resources */,
				5D6208072AD7019F00311428 /* mrz_sample.jpg in Resources */,
			);
			runOnlyForDeploymentPostprocessing = 0;
		};
/* End PBXResourcesBuildPhase section */

/* Begin PBXShellScriptBuildPhase section */
		2098844E5546661F14E060F7 /* [CP] Check Pods Manifest.lock */ = {
			isa = PBXShellScriptBuildPhase;
			buildActionMask = 2147483647;
			files = (
			);
			inputFileListPaths = (
			);
			inputPaths = (
				"${PODS_PODFILE_DIR_PATH}/Podfile.lock",
				"${PODS_ROOT}/Manifest.lock",
			);
			name = "[CP] Check Pods Manifest.lock";
			outputFileListPaths = (
			);
			outputPaths = (
				"$(DERIVED_FILE_DIR)/Pods-DocumentReaderCertificatePinning-checkManifestLockResult.txt",
			);
			runOnlyForDeploymentPostprocessing = 0;
			shellPath = /bin/sh;
			shellScript = "diff \"${PODS_PODFILE_DIR_PATH}/Podfile.lock\" \"${PODS_ROOT}/Manifest.lock\" > /dev/null\nif [ $? != 0 ] ; then\n    # print error to STDERR\n    echo \"error: The sandbox is not in sync with the Podfile.lock. Run 'pod install' or update your CocoaPods installation.\" >&2\n    exit 1\nfi\n# This output is used by Xcode 'outputs' to avoid re-running this script phase.\necho \"SUCCESS\" > \"${SCRIPT_OUTPUT_FILE_0}\"\n";
			showEnvVarsInLog = 0;
		};
		41883D97C381B0E36FEB3B25 /* [CP] Embed Pods Frameworks */ = {
			isa = PBXShellScriptBuildPhase;
			buildActionMask = 2147483647;
			files = (
			);
			inputFileListPaths = (
				"${PODS_ROOT}/Target Support Files/Pods-DocumentReaderCertificatePinning/Pods-DocumentReaderCertificatePinning-frameworks-${CONFIGURATION}-input-files.xcfilelist",
			);
			name = "[CP] Embed Pods Frameworks";
			outputFileListPaths = (
				"${PODS_ROOT}/Target Support Files/Pods-DocumentReaderCertificatePinning/Pods-DocumentReaderCertificatePinning-frameworks-${CONFIGURATION}-output-files.xcfilelist",
			);
			runOnlyForDeploymentPostprocessing = 0;
			shellPath = /bin/sh;
			shellScript = "\"${PODS_ROOT}/Target Support Files/Pods-DocumentReaderCertificatePinning/Pods-DocumentReaderCertificatePinning-frameworks.sh\"\n";
			showEnvVarsInLog = 0;
		};
/* End PBXShellScriptBuildPhase section */

/* Begin PBXSourcesBuildPhase section */
		5D1F86CD2AD6FAD3008D20C0 /* Sources */ = {
			isa = PBXSourcesBuildPhase;
			buildActionMask = 2147483647;
			files = (
				5D1F86D92AD6FAD3008D20C0 /* ViewController.swift in Sources */,
				5D1F86D52AD6FAD3008D20C0 /* AppDelegate.swift in Sources */,
				5D1F86D72AD6FAD3008D20C0 /* SceneDelegate.swift in Sources */,
			);
			runOnlyForDeploymentPostprocessing = 0;
		};
/* End PBXSourcesBuildPhase section */

/* Begin PBXVariantGroup section */
		5D1F86DA2AD6FAD3008D20C0 /* Main.storyboard */ = {
			isa = PBXVariantGroup;
			children = (
				5D1F86DB2AD6FAD3008D20C0 /* Base */,
			);
			name = Main.storyboard;
			sourceTree = "<group>";
		};
		5D1F86DF2AD6FAD4008D20C0 /* LaunchScreen.storyboard */ = {
			isa = PBXVariantGroup;
			children = (
				5D1F86E02AD6FAD4008D20C0 /* Base */,
			);
			name = LaunchScreen.storyboard;
			sourceTree = "<group>";
		};
/* End PBXVariantGroup section */

/* Begin XCBuildConfiguration section */
		5D1F86E32AD6FAD4008D20C0 /* Debug */ = {
			isa = XCBuildConfiguration;
			buildSettings = {
				ALWAYS_SEARCH_USER_PATHS = NO;
				CLANG_ANALYZER_NONNULL = YES;
				CLANG_ANALYZER_NUMBER_OBJECT_CONVERSION = YES_AGGRESSIVE;
				CLANG_CXX_LANGUAGE_STANDARD = "gnu++20";
				CLANG_ENABLE_MODULES = YES;
				CLANG_ENABLE_OBJC_ARC = YES;
				CLANG_ENABLE_OBJC_WEAK = YES;
				CLANG_WARN_BLOCK_CAPTURE_AUTORELEASING = YES;
				CLANG_WARN_BOOL_CONVERSION = YES;
				CLANG_WARN_COMMA = YES;
				CLANG_WARN_CONSTANT_CONVERSION = YES;
				CLANG_WARN_DEPRECATED_OBJC_IMPLEMENTATIONS = YES;
				CLANG_WARN_DIRECT_OBJC_ISA_USAGE = YES_ERROR;
				CLANG_WARN_DOCUMENTATION_COMMENTS = YES;
				CLANG_WARN_EMPTY_BODY = YES;
				CLANG_WARN_ENUM_CONVERSION = YES;
				CLANG_WARN_INFINITE_RECURSION = YES;
				CLANG_WARN_INT_CONVERSION = YES;
				CLANG_WARN_NON_LITERAL_NULL_CONVERSION = YES;
				CLANG_WARN_OBJC_IMPLICIT_RETAIN_SELF = YES;
				CLANG_WARN_OBJC_LITERAL_CONVERSION = YES;
				CLANG_WARN_OBJC_ROOT_CLASS = YES_ERROR;
				CLANG_WARN_QUOTED_INCLUDE_IN_FRAMEWORK_HEADER = YES;
				CLANG_WARN_RANGE_LOOP_ANALYSIS = YES;
				CLANG_WARN_STRICT_PROTOTYPES = YES;
				CLANG_WARN_SUSPICIOUS_MOVE = YES;
				CLANG_WARN_UNGUARDED_AVAILABILITY = YES_AGGRESSIVE;
				CLANG_WARN_UNREACHABLE_CODE = YES;
				CLANG_WARN__DUPLICATE_METHOD_MATCH = YES;
				COPY_PHASE_STRIP = NO;
				DEBUG_INFORMATION_FORMAT = dwarf;
				ENABLE_STRICT_OBJC_MSGSEND = YES;
				ENABLE_TESTABILITY = YES;
				GCC_C_LANGUAGE_STANDARD = gnu11;
				GCC_DYNAMIC_NO_PIC = NO;
				GCC_NO_COMMON_BLOCKS = YES;
				GCC_OPTIMIZATION_LEVEL = 0;
				GCC_PREPROCESSOR_DEFINITIONS = (
					"DEBUG=1",
					"$(inherited)",
				);
				GCC_WARN_64_TO_32_BIT_CONVERSION = YES;
				GCC_WARN_ABOUT_RETURN_TYPE = YES_ERROR;
				GCC_WARN_UNDECLARED_SELECTOR = YES;
				GCC_WARN_UNINITIALIZED_AUTOS = YES_AGGRESSIVE;
				GCC_WARN_UNUSED_FUNCTION = YES;
				GCC_WARN_UNUSED_VARIABLE = YES;
				IPHONEOS_DEPLOYMENT_TARGET = 14.0;
				MTL_ENABLE_DEBUG_INFO = INCLUDE_SOURCE;
				MTL_FAST_MATH = YES;
				ONLY_ACTIVE_ARCH = YES;
				SDKROOT = iphoneos;
				SWIFT_ACTIVE_COMPILATION_CONDITIONS = DEBUG;
				SWIFT_OPTIMIZATION_LEVEL = "-Onone";
			};
			name = Debug;
		};
		5D1F86E42AD6FAD4008D20C0 /* Release */ = {
			isa = XCBuildConfiguration;
			buildSettings = {
				ALWAYS_SEARCH_USER_PATHS = NO;
				CLANG_ANALYZER_NONNULL = YES;
				CLANG_ANALYZER_NUMBER_OBJECT_CONVERSION = YES_AGGRESSIVE;
				CLANG_CXX_LANGUAGE_STANDARD = "gnu++20";
				CLANG_ENABLE_MODULES = YES;
				CLANG_ENABLE_OBJC_ARC = YES;
				CLANG_ENABLE_OBJC_WEAK = YES;
				CLANG_WARN_BLOCK_CAPTURE_AUTORELEASING = YES;
				CLANG_WARN_BOOL_CONVERSION = YES;
				CLANG_WARN_COMMA = YES;
				CLANG_WARN_CONSTANT_CONVERSION = YES;
				CLANG_WARN_DEPRECATED_OBJC_IMPLEMENTATIONS = YES;
				CLANG_WARN_DIRECT_OBJC_ISA_USAGE = YES_ERROR;
				CLANG_WARN_DOCUMENTATION_COMMENTS = YES;
				CLANG_WARN_EMPTY_BODY = YES;
				CLANG_WARN_ENUM_CONVERSION = YES;
				CLANG_WARN_INFINITE_RECURSION = YES;
				CLANG_WARN_INT_CONVERSION = YES;
				CLANG_WARN_NON_LITERAL_NULL_CONVERSION = YES;
				CLANG_WARN_OBJC_IMPLICIT_RETAIN_SELF = YES;
				CLANG_WARN_OBJC_LITERAL_CONVERSION = YES;
				CLANG_WARN_OBJC_ROOT_CLASS = YES_ERROR;
				CLANG_WARN_QUOTED_INCLUDE_IN_FRAMEWORK_HEADER = YES;
				CLANG_WARN_RANGE_LOOP_ANALYSIS = YES;
				CLANG_WARN_STRICT_PROTOTYPES = YES;
				CLANG_WARN_SUSPICIOUS_MOVE = YES;
				CLANG_WARN_UNGUARDED_AVAILABILITY = YES_AGGRESSIVE;
				CLANG_WARN_UNREACHABLE_CODE = YES;
				CLANG_WARN__DUPLICATE_METHOD_MATCH = YES;
				COPY_PHASE_STRIP = NO;
				DEBUG_INFORMATION_FORMAT = "dwarf-with-dsym";
				ENABLE_NS_ASSERTIONS = NO;
				ENABLE_STRICT_OBJC_MSGSEND = YES;
				GCC_C_LANGUAGE_STANDARD = gnu11;
				GCC_NO_COMMON_BLOCKS = YES;
				GCC_WARN_64_TO_32_BIT_CONVERSION = YES;
				GCC_WARN_ABOUT_RETURN_TYPE = YES_ERROR;
				GCC_WARN_UNDECLARED_SELECTOR = YES;
				GCC_WARN_UNINITIALIZED_AUTOS = YES_AGGRESSIVE;
				GCC_WARN_UNUSED_FUNCTION = YES;
				GCC_WARN_UNUSED_VARIABLE = YES;
				IPHONEOS_DEPLOYMENT_TARGET = 14.0;
				MTL_ENABLE_DEBUG_INFO = NO;
				MTL_FAST_MATH = YES;
				SDKROOT = iphoneos;
				SWIFT_COMPILATION_MODE = wholemodule;
				SWIFT_OPTIMIZATION_LEVEL = "-O";
				VALIDATE_PRODUCT = YES;
			};
			name = Release;
		};
		5D1F86E62AD6FAD4008D20C0 /* Debug */ = {
			isa = XCBuildConfiguration;
			baseConfigurationReference = 992C4715CC54BD266DEFF390 /* Pods-DocumentReaderCertificatePinning.debug.xcconfig */;
			buildSettings = {
				ASSETCATALOG_COMPILER_APPICON_NAME = AppIcon;
				ASSETCATALOG_COMPILER_GLOBAL_ACCENT_COLOR_NAME = AccentColor;
				CODE_SIGN_STYLE = Automatic;
				CURRENT_PROJECT_VERSION = 1;
				DEVELOPMENT_TEAM = H6WR54S268;
				GENERATE_INFOPLIST_FILE = YES;
				INFOPLIST_FILE = DocumentReaderCertificatePinning/Info.plist;
				INFOPLIST_KEY_UIApplicationSupportsIndirectInputEvents = YES;
				INFOPLIST_KEY_UILaunchStoryboardName = LaunchScreen;
				INFOPLIST_KEY_UIMainStoryboardFile = Main;
				INFOPLIST_KEY_UISupportedInterfaceOrientations = UIInterfaceOrientationPortrait;
				INFOPLIST_KEY_UISupportedInterfaceOrientations_iPad = "UIInterfaceOrientationLandscapeLeft UIInterfaceOrientationLandscapeRight UIInterfaceOrientationPortrait";
				LD_RUNPATH_SEARCH_PATHS = (
					"$(inherited)",
					"@executable_path/Frameworks",
				);
				MARKETING_VERSION = 1.0;
				PRODUCT_BUNDLE_IDENTIFIER = regula.DocumentReader;
				PRODUCT_NAME = "$(TARGET_NAME)";
				SWIFT_EMIT_LOC_STRINGS = YES;
				SWIFT_VERSION = 5.0;
				TARGETED_DEVICE_FAMILY = "1,2";
			};
			name = Debug;
		};
		5D1F86E72AD6FAD4008D20C0 /* Release */ = {
			isa = XCBuildConfiguration;
			baseConfigurationReference = C5AA83F8F8606548E6C6AC35 /* Pods-DocumentReaderCertificatePinning.release.xcconfig */;
			buildSettings = {
				ASSETCATALOG_COMPILER_APPICON_NAME = AppIcon;
				ASSETCATALOG_COMPILER_GLOBAL_ACCENT_COLOR_NAME = AccentColor;
				CODE_SIGN_STYLE = Automatic;
				CURRENT_PROJECT_VERSION = 1;
				DEVELOPMENT_TEAM = H6WR54S268;
				GENERATE_INFOPLIST_FILE = YES;
				INFOPLIST_FILE = DocumentReaderCertificatePinning/Info.plist;
				INFOPLIST_KEY_UIApplicationSupportsIndirectInputEvents = YES;
				INFOPLIST_KEY_UILaunchStoryboardName = LaunchScreen;
				INFOPLIST_KEY_UIMainStoryboardFile = Main;
				INFOPLIST_KEY_UISupportedInterfaceOrientations = UIInterfaceOrientationPortrait;
				INFOPLIST_KEY_UISupportedInterfaceOrientations_iPad = "UIInterfaceOrientationLandscapeLeft UIInterfaceOrientationLandscapeRight UIInterfaceOrientationPortrait";
				LD_RUNPATH_SEARCH_PATHS = (
					"$(inherited)",
					"@executable_path/Frameworks",
				);
				MARKETING_VERSION = 1.0;
				PRODUCT_BUNDLE_IDENTIFIER = regula.DocumentReader;
				PRODUCT_NAME = "$(TARGET_NAME)";
				SWIFT_EMIT_LOC_STRINGS = YES;
				SWIFT_VERSION = 5.0;
				TARGETED_DEVICE_FAMILY = "1,2";
			};
			name = Release;
		};
/* End XCBuildConfiguration section */

/* Begin XCConfigurationList section */
		5D1F86CC2AD6FAD3008D20C0 /* Build configuration list for PBXProject "DocumentReaderCertificatePinning" */ = {
			isa = XCConfigurationList;
			buildConfigurations = (
				5D1F86E32AD6FAD4008D20C0 /* Debug */,
				5D1F86E42AD6FAD4008D20C0 /* Release */,
			);
			defaultConfigurationIsVisible = 0;
			defaultConfigurationName = Release;
		};
		5D1F86E52AD6FAD4008D20C0 /* Build configuration list for PBXNativeTarget "DocumentReaderCertificatePinning" */ = {
			isa = XCConfigurationList;
			buildConfigurations = (
				5D1F86E62AD6FAD4008D20C0 /* Debug */,
				5D1F86E72AD6FAD4008D20C0 /* Release */,
			);
			defaultConfigurationIsVisible = 0;
			defaultConfigurationName = Release;
		};
/* End XCConfigurationList section */
	};
	rootObject = 5D1F86C92AD6FAD3008D20C0 /* Project object */;
}
